<?xml version="1.0" encoding="UTF-8" standalone="yes" ?>
<CodeBlocks_project_file>
   <FileVersion major="1" minor="6" />
   <Project>
      <Option title="quadcopter" />
      <Option makefile_is_custom="1" />
      <Option compiler="gcc" />
      <Option virtualFolders="CMake Files\;CMake Files\..\;CMake Files\..\..\;CMake Files\..\..\..\;CMake Files\..\..\..\..\;CMake Files\..\..\..\..\..\;CMake Files\..\..\..\..\..\usr\;CMake Files\..\..\..\..\..\usr\local\;CMake Files\..\..\..\..\..\usr\local\share\;CMake Files\..\..\..\..\..\usr\local\share\cmake-2.8\;CMake Files\..\..\..\..\..\usr\local\share\cmake-2.8\Modules\;CMake Files\..\..\..\..\..\usr\local\share\cmake-2.8\Modules\Platform\;CMake Files\..\..\..\..\..\usr\local\share\cmake-2.8\Modules\Compiler\;" />
      <Build>
      <Target title="all">
         <Option working_dir="/home/nikita/Scripting/quadcopter/Quadcopter" />
         <Option type="4" />
         <MakeCommands>
            <Build command="/usr/bin/make -f &quot;/home/nikita/Scripting/quadcopter/Quadcopter/Makefile&quot; all" />
            <CompileFile command="/usr/bin/make -f &quot;/home/nikita/Scripting/quadcopter/Quadcopter/Makefile&quot; &quot;$file&quot;" />
            <Clean command="/usr/bin/make -f &quot;/home/nikita/Scripting/quadcopter/Quadcopter/Makefile&quot; clean" />
            <DistClean command="/usr/bin/make -f &quot;/home/nikita/Scripting/quadcopter/Quadcopter/Makefile&quot; clean" />
         </MakeCommands>
      </Target>
      <Target title="Quadcopter_Release">
         <Option output="/home/nikita/Scripting/quadcopter/Quadcopter/build/Release/Quadcopter_Release" prefix_auto="0" extension_auto="0" />
         <Option working_dir="build/Release" />
         <Option object_output="./" />
         <Option type="1" />
         <Option compiler="gcc" />
         <Compiler>
            <Add directory="/usr/include" />
            <Add directory="/usr/local/include" />
         </Compiler>
         <MakeCommands>
            <Build command="/usr/bin/make -f &quot;/home/nikita/Scripting/quadcopter/Quadcopter/Makefile&quot; Quadcopter_Release" />
            <CompileFile command="/usr/bin/make -f &quot;/home/nikita/Scripting/quadcopter/Quadcopter/Makefile&quot; &quot;$file&quot;" />
            <Clean command="/usr/bin/make -f &quot;/home/nikita/Scripting/quadcopter/Quadcopter/Makefile&quot; clean" />
            <DistClean command="/usr/bin/make -f &quot;/home/nikita/Scripting/quadcopter/Quadcopter/Makefile&quot; clean" />
         </MakeCommands>
      </Target>
      <Target title="Quadcopter_Release/fast">
         <Option output="/home/nikita/Scripting/quadcopter/Quadcopter/build/Release/Quadcopter_Release" prefix_auto="0" extension_auto="0" />
         <Option working_dir="build/Release" />
         <Option object_output="./" />
         <Option type="1" />
         <Option compiler="gcc" />
         <Compiler>
            <Add directory="/usr/include" />
            <Add directory="/usr/local/include" />
         </Compiler>
         <MakeCommands>
            <Build command="/usr/bin/make -f &quot;/home/nikita/Scripting/quadcopter/Quadcopter/Makefile&quot; Quadcopter_Release/fast" />
            <CompileFile command="/usr/bin/make -f &quot;/home/nikita/Scripting/quadcopter/Quadcopter/Makefile&quot; &quot;$file&quot;" />
            <Clean command="/usr/bin/make -f &quot;/home/nikita/Scripting/quadcopter/Quadcopter/Makefile&quot; clean" />
            <DistClean command="/usr/bin/make -f &quot;/home/nikita/Scripting/quadcopter/Quadcopter/Makefile&quot; clean" />
         </MakeCommands>
      </Target>
      <Target title="rebuild_cache">
         <Option working_dir="/home/nikita/Scripting/quadcopter/Quadcopter" />
         <Option type="4" />
         <MakeCommands>
            <Build command="/usr/bin/make -f &quot;/home/nikita/Scripting/quadcopter/Quadcopter/Makefile&quot; rebuild_cache" />
            <CompileFile command="/usr/bin/make -f &quot;/home/nikita/Scripting/quadcopter/Quadcopter/Makefile&quot; &quot;$file&quot;" />
            <Clean command="/usr/bin/make -f &quot;/home/nikita/Scripting/quadcopter/Quadcopter/Makefile&quot; clean" />
            <DistClean command="/usr/bin/make -f &quot;/home/nikita/Scripting/quadcopter/Quadcopter/Makefile&quot; clean" />
         </MakeCommands>
      </Target>
      </Build>
      <Unit filename="/home/nikita/Scripting/quadcopter/Quadcopter/src/PID.cpp">
      </Unit>
      <Unit filename="/home/nikita/Scripting/quadcopter/Quadcopter/src/RTIMULib/BMP085.cpp">
      </Unit>
      <Unit filename="/home/nikita/Scripting/quadcopter/Quadcopter/src/RTIMULib/NEO-6M.cpp">
      </Unit>
      <Unit filename="/home/nikita/Scripting/quadcopter/Quadcopter/src/RTIMULib/RTFusion.cpp">
      </Unit>
      <Unit filename="/home/nikita/Scripting/quadcopter/Quadcopter/src/RTIMULib/RTFusionKalman4.cpp">
      </Unit>
      <Unit filename="/home/nikita/Scripting/quadcopter/Quadcopter/src/RTIMULib/RTFusionRTQF.cpp">
      </Unit>
      <Unit filename="/home/nikita/Scripting/quadcopter/Quadcopter/src/RTIMULib/RTIMU.cpp">
      </Unit>
      <Unit filename="/home/nikita/Scripting/quadcopter/Quadcopter/src/RTIMULib/RTIMUHal.cpp">
      </Unit>
      <Unit filename="/home/nikita/Scripting/quadcopter/Quadcopter/src/RTIMULib/RTIMUMPU6050HMC5883L.cpp">
      </Unit>
      <Unit filename="/home/nikita/Scripting/quadcopter/Quadcopter/src/RTIMULib/RTIMUNull.cpp">
      </Unit>
      <Unit filename="/home/nikita/Scripting/quadcopter/Quadcopter/src/RTIMULib/RTIMUSettings.cpp">
      </Unit>
      <Unit filename="/home/nikita/Scripting/quadcopter/Quadcopter/src/RTIMULib/RTMath.cpp">
      </Unit>
      <Unit filename="/home/nikita/Scripting/quadcopter/Quadcopter/src/autopilot.cpp">
      </Unit>
      <Unit filename="/home/nikita/Scripting/quadcopter/Quadcopter/src/data_logger.cpp">
      </Unit>
      <Unit filename="/home/nikita/Scripting/quadcopter/Quadcopter/src/global_functions.cpp">
      </Unit>
      <Unit filename="/home/nikita/Scripting/quadcopter/Quadcopter/src/imu.cpp">
      </Unit>
      <Unit filename="/home/nikita/Scripting/quadcopter/Quadcopter/src/inter-thread-messages.cpp">
      </Unit>
      <Unit filename="/home/nikita/Scripting/quadcopter/Quadcopter/src/osd.cpp">
      </Unit>
      <Unit filename="/home/nikita/Scripting/quadcopter/Quadcopter/src/pilot.cpp">
      </Unit>
      <Unit filename="/home/nikita/Scripting/quadcopter/Quadcopter/src/quadcopter.cpp">
      </Unit>
      <Unit filename="/home/nikita/Scripting/quadcopter/Quadcopter/src/reader.cpp">
      </Unit>
      <Unit filename="/home/nikita/Scripting/quadcopter/Quadcopter/src/PID.h">
      </Unit>
      <Unit filename="/home/nikita/Scripting/quadcopter/Quadcopter/src/Quadcopter.cbp">
      </Unit>
      <Unit filename="/home/nikita/Scripting/quadcopter/Quadcopter/src/Quadcopter.depend">
      </Unit>
      <Unit filename="/home/nikita/Scripting/quadcopter/Quadcopter/src/RTIMULib/BMP085.h">
      </Unit>
      <Unit filename="/home/nikita/Scripting/quadcopter/Quadcopter/src/RTIMULib/NEO-6M.h">
      </Unit>
      <Unit filename="/home/nikita/Scripting/quadcopter/Quadcopter/src/RTIMULib/RTFusion.h">
      </Unit>
      <Unit filename="/home/nikita/Scripting/quadcopter/Quadcopter/src/RTIMULib/RTFusionKalman4.h">
      </Unit>
      <Unit filename="/home/nikita/Scripting/quadcopter/Quadcopter/src/RTIMULib/RTFusionRTQF.h">
      </Unit>
      <Unit filename="/home/nikita/Scripting/quadcopter/Quadcopter/src/RTIMULib/RTIMU.h">
      </Unit>
      <Unit filename="/home/nikita/Scripting/quadcopter/Quadcopter/src/RTIMULib/RTIMUHal.h">
      </Unit>
      <Unit filename="/home/nikita/Scripting/quadcopter/Quadcopter/src/RTIMULib/RTIMULib.h">
      </Unit>
      <Unit filename="/home/nikita/Scripting/quadcopter/Quadcopter/src/RTIMULib/RTIMULib.pri">
      </Unit>
      <Unit filename="/home/nikita/Scripting/quadcopter/Quadcopter/src/RTIMULib/RTIMULibDefs.h">
      </Unit>
      <Unit filename="/home/nikita/Scripting/quadcopter/Quadcopter/src/RTIMULib/RTIMUMPU6050HMC5883L.h">
      </Unit>
      <Unit filename="/home/nikita/Scripting/quadcopter/Quadcopter/src/RTIMULib/RTIMUNull.h">
      </Unit>
      <Unit filename="/home/nikita/Scripting/quadcopter/Quadcopter/src/RTIMULib/RTIMUSettings.h">
      </Unit>
      <Unit filename="/home/nikita/Scripting/quadcopter/Quadcopter/src/RTIMULib/RTMath.h">
      </Unit>
      <Unit filename="/home/nikita/Scripting/quadcopter/Quadcopter/src/autopilot.h">
      </Unit>
      <Unit filename="/home/nikita/Scripting/quadcopter/Quadcopter/src/autopilot_global_variables.h">
      </Unit>
      <Unit filename="/home/nikita/Scripting/quadcopter/Quadcopter/src/data_logger.h">
      </Unit>
      <Unit filename="/home/nikita/Scripting/quadcopter/Quadcopter/src/data_logger_global_variables.h">
      </Unit>
      <Unit filename="/home/nikita/Scripting/quadcopter/Quadcopter/src/global_functions.h">
      </Unit>
      <Unit filename="/home/nikita/Scripting/quadcopter/Quadcopter/src/imu.h">
      </Unit>
      <Unit filename="/home/nikita/Scripting/quadcopter/Quadcopter/src/imu_globals_variables.h">
      </Unit>
      <Unit filename="/home/nikita/Scripting/quadcopter/Quadcopter/src/inter-thread-messages.h">
      </Unit>
      <Unit filename="/home/nikita/Scripting/quadcopter/Quadcopter/src/messages.txt">
      </Unit>
      <Unit filename="/home/nikita/Scripting/quadcopter/Quadcopter/src/osd.h">
      </Unit>
      <Unit filename="/home/nikita/Scripting/quadcopter/Quadcopter/src/pca9685.h">
      </Unit>
      <Unit filename="/home/nikita/Scripting/quadcopter/Quadcopter/src/pilot.h">
      </Unit>
      <Unit filename="/home/nikita/Scripting/quadcopter/Quadcopter/src/pilot_global_variables.h">
      </Unit>
      <Unit filename="/home/nikita/Scripting/quadcopter/Quadcopter/src/reader.h">
      </Unit>
      <Unit filename="/home/nikita/Scripting/quadcopter/Quadcopter/src/reader_global_functions.h">
      </Unit>
      <Unit filename="/home/nikita/Scripting/quadcopter/Quadcopter/src/reader_global_variables.h">
      </Unit>
      <Unit filename="/home/nikita/Scripting/quadcopter/Quadcopter/src/shared_librairies.h">
      </Unit>
      <Unit filename="/home/nikita/Scripting/quadcopter/Quadcopter/CMakeLists.txt">
          <Option virtualFolder="CMake Files\" />
      </Unit>
      <Unit filename="/home/nikita/Scripting/quadcopter/Quadcopter/../../../../../usr/local/share/cmake-2.8/Modules/CMakeDetermineSystem.cmake">
          <Option virtualFolder="CMake Files\..\..\..\..\..\usr\local\share\cmake-2.8\Modules\" />
      </Unit>
      <Unit filename="/home/nikita/Scripting/quadcopter/Quadcopter/../../../../../usr/local/share/cmake-2.8/Modules/CMakeSystem.cmake.in">
          <Option virtualFolder="CMake Files\..\..\..\..\..\usr\local\share\cmake-2.8\Modules\" />
      </Unit>
      <Unit filename="/home/nikita/Scripting/quadcopter/Quadcopter/../../../../../usr/local/share/cmake-2.8/Modules/CMakeDetermineCCompiler.cmake">
          <Option virtualFolder="CMake Files\..\..\..\..\..\usr\local\share\cmake-2.8\Modules\" />
      </Unit>
      <Unit filename="/home/nikita/Scripting/quadcopter/Quadcopter/../../../../../usr/local/share/cmake-2.8/Modules/CMakeDetermineCompilerId.cmake">
          <Option virtualFolder="CMake Files\..\..\..\..\..\usr\local\share\cmake-2.8\Modules\" />
      </Unit>
      <Unit filename="/home/nikita/Scripting/quadcopter/Quadcopter/../../../../../usr/local/share/cmake-2.8/Modules/CMakeFindBinUtils.cmake">
          <Option virtualFolder="CMake Files\..\..\..\..\..\usr\local\share\cmake-2.8\Modules\" />
      </Unit>
      <Unit filename="/home/nikita/Scripting/quadcopter/Quadcopter/../../../../../usr/local/share/cmake-2.8/Modules/CMakeCCompiler.cmake.in">
          <Option virtualFolder="CMake Files\..\..\..\..\..\usr\local\share\cmake-2.8\Modules\" />
      </Unit>
      <Unit filename="/home/nikita/Scripting/quadcopter/Quadcopter/../../../../../usr/local/share/cmake-2.8/Modules/CMakeDetermineCXXCompiler.cmake">
          <Option virtualFolder="CMake Files\..\..\..\..\..\usr\local\share\cmake-2.8\Modules\" />
      </Unit>
      <Unit filename="/home/nikita/Scripting/quadcopter/Quadcopter/../../../../../usr/local/share/cmake-2.8/Modules/CMakeDetermineCompilerId.cmake">
          <Option virtualFolder="CMake Files\..\..\..\..\..\usr\local\share\cmake-2.8\Modules\" />
      </Unit>
      <Unit filename="/home/nikita/Scripting/quadcopter/Quadcopter/../../../../../usr/local/share/cmake-2.8/Modules/CMakeFindBinUtils.cmake">
          <Option virtualFolder="CMake Files\..\..\..\..\..\usr\local\share\cmake-2.8\Modules\" />
      </Unit>
      <Unit filename="/home/nikita/Scripting/quadcopter/Quadcopter/../../../../../usr/local/share/cmake-2.8/Modules/CMakeCXXCompiler.cmake.in">
          <Option virtualFolder="CMake Files\..\..\..\..\..\usr\local\share\cmake-2.8\Modules\" />
      </Unit>
      <Unit filename="/home/nikita/Scripting/quadcopter/Quadcopter/../../../../../usr/local/share/cmake-2.8/Modules/CMakeSystemSpecificInformation.cmake">
          <Option virtualFolder="CMake Files\..\..\..\..\..\usr\local\share\cmake-2.8\Modules\" />
      </Unit>
      <Unit filename="/home/nikita/Scripting/quadcopter/Quadcopter/../../../../../usr/local/share/cmake-2.8/Modules/CMakeGenericSystem.cmake">
          <Option virtualFolder="CMake Files\..\..\..\..\..\usr\local\share\cmake-2.8\Modules\" />
      </Unit>
      <Unit filename="/home/nikita/Scripting/quadcopter/Quadcopter/../../../../../usr/local/share/cmake-2.8/Modules/CMakeCInformation.cmake">
          <Option virtualFolder="CMake Files\..\..\..\..\..\usr\local\share\cmake-2.8\Modules\" />
      </Unit>
      <Unit filename="/home/nikita/Scripting/quadcopter/Quadcopter/../../../../../usr/local/share/cmake-2.8/Modules/CMakeCommonLanguageInclude.cmake">
          <Option virtualFolder="CMake Files\..\..\..\..\..\usr\local\share\cmake-2.8\Modules\" />
      </Unit>
      <Unit filename="/home/nikita/Scripting/quadcopter/Quadcopter/../../../../../usr/local/share/cmake-2.8/Modules/CMakeTestCCompiler.cmake">
          <Option virtualFolder="CMake Files\..\..\..\..\..\usr\local\share\cmake-2.8\Modules\" />
      </Unit>
      <Unit filename="/home/nikita/Scripting/quadcopter/Quadcopter/../../../../../usr/local/share/cmake-2.8/Modules/CMakeTestCompilerCommon.cmake">
          <Option virtualFolder="CMake Files\..\..\..\..\..\usr\local\share\cmake-2.8\Modules\" />
      </Unit>
      <Unit filename="/home/nikita/Scripting/quadcopter/Quadcopter/../../../../../usr/local/share/cmake-2.8/Modules/CMakeDetermineCompilerABI.cmake">
          <Option virtualFolder="CMake Files\..\..\..\..\..\usr\local\share\cmake-2.8\Modules\" />
      </Unit>
      <Unit filename="/home/nikita/Scripting/quadcopter/Quadcopter/../../../../../usr/local/share/cmake-2.8/Modules/CMakeParseImplicitLinkInfo.cmake">
          <Option virtualFolder="CMake Files\..\..\..\..\..\usr\local\share\cmake-2.8\Modules\" />
      </Unit>
      <Unit filename="/home/nikita/Scripting/quadcopter/Quadcopter/../../../../../usr/local/share/cmake-2.8/Modules/CMakeCCompiler.cmake.in">
          <Option virtualFolder="CMake Files\..\..\..\..\..\usr\local\share\cmake-2.8\Modules\" />
      </Unit>
      <Unit filename="/home/nikita/Scripting/quadcopter/Quadcopter/../../../../../usr/local/share/cmake-2.8/Modules/CMakeCXXInformation.cmake">
          <Option virtualFolder="CMake Files\..\..\..\..\..\usr\local\share\cmake-2.8\Modules\" />
      </Unit>
      <Unit filename="/home/nikita/Scripting/quadcopter/Quadcopter/../../../../../usr/local/share/cmake-2.8/Modules/CMakeCommonLanguageInclude.cmake">
          <Option virtualFolder="CMake Files\..\..\..\..\..\usr\local\share\cmake-2.8\Modules\" />
      </Unit>
      <Unit filename="/home/nikita/Scripting/quadcopter/Quadcopter/../../../../../usr/local/share/cmake-2.8/Modules/CMakeTestCXXCompiler.cmake">
          <Option virtualFolder="CMake Files\..\..\..\..\..\usr\local\share\cmake-2.8\Modules\" />
      </Unit>
      <Unit filename="/home/nikita/Scripting/quadcopter/Quadcopter/../../../../../usr/local/share/cmake-2.8/Modules/CMakeTestCompilerCommon.cmake">
          <Option virtualFolder="CMake Files\..\..\..\..\..\usr\local\share\cmake-2.8\Modules\" />
      </Unit>
      <Unit filename="/home/nikita/Scripting/quadcopter/Quadcopter/../../../../../usr/local/share/cmake-2.8/Modules/CMakeDetermineCompilerABI.cmake">
          <Option virtualFolder="CMake Files\..\..\..\..\..\usr\local\share\cmake-2.8\Modules\" />
      </Unit>
      <Unit filename="/home/nikita/Scripting/quadcopter/Quadcopter/../../../../../usr/local/share/cmake-2.8/Modules/CMakeParseImplicitLinkInfo.cmake">
          <Option virtualFolder="CMake Files\..\..\..\..\..\usr\local\share\cmake-2.8\Modules\" />
      </Unit>
      <Unit filename="/home/nikita/Scripting/quadcopter/Quadcopter/../../../../../usr/local/share/cmake-2.8/Modules/CMakeCXXCompiler.cmake.in">
          <Option virtualFolder="CMake Files\..\..\..\..\..\usr\local\share\cmake-2.8\Modules\" />
      </Unit>
      <Unit filename="/home/nikita/Scripting/quadcopter/Quadcopter/../../../../../usr/local/share/cmake-2.8/Modules/Platform/Linux.cmake">
          <Option virtualFolder="CMake Files\..\..\..\..\..\usr\local\share\cmake-2.8\Modules\Platform\" />
      </Unit>
      <Unit filename="/home/nikita/Scripting/quadcopter/Quadcopter/../../../../../usr/local/share/cmake-2.8/Modules/Platform/UnixPaths.cmake">
          <Option virtualFolder="CMake Files\..\..\..\..\..\usr\local\share\cmake-2.8\Modules\Platform\" />
      </Unit>
      <Unit filename="/home/nikita/Scripting/quadcopter/Quadcopter/../../../../../usr/local/share/cmake-2.8/Modules/Platform/Linux-GNU-C.cmake">
          <Option virtualFolder="CMake Files\..\..\..\..\..\usr\local\share\cmake-2.8\Modules\Platform\" />
      </Unit>
      <Unit filename="/home/nikita/Scripting/quadcopter/Quadcopter/../../../../../usr/local/share/cmake-2.8/Modules/Platform/Linux-GNU.cmake">
          <Option virtualFolder="CMake Files\..\..\..\..\..\usr\local\share\cmake-2.8\Modules\Platform\" />
      </Unit>
      <Unit filename="/home/nikita/Scripting/quadcopter/Quadcopter/../../../../../usr/local/share/cmake-2.8/Modules/Platform/Linux-GNU-CXX.cmake">
          <Option virtualFolder="CMake Files\..\..\..\..\..\usr\local\share\cmake-2.8\Modules\Platform\" />
      </Unit>
      <Unit filename="/home/nikita/Scripting/quadcopter/Quadcopter/../../../../../usr/local/share/cmake-2.8/Modules/Platform/Linux-GNU.cmake">
          <Option virtualFolder="CMake Files\..\..\..\..\..\usr\local\share\cmake-2.8\Modules\Platform\" />
      </Unit>
      <Unit filename="/home/nikita/Scripting/quadcopter/Quadcopter/../../../../../usr/local/share/cmake-2.8/Modules/Compiler/GNU-C.cmake">
          <Option virtualFolder="CMake Files\..\..\..\..\..\usr\local\share\cmake-2.8\Modules\Compiler\" />
      </Unit>
      <Unit filename="/home/nikita/Scripting/quadcopter/Quadcopter/../../../../../usr/local/share/cmake-2.8/Modules/Compiler/GNU.cmake">
          <Option virtualFolder="CMake Files\..\..\..\..\..\usr\local\share\cmake-2.8\Modules\Compiler\" />
      </Unit>
      <Unit filename="/home/nikita/Scripting/quadcopter/Quadcopter/../../../../../usr/local/share/cmake-2.8/Modules/Compiler/GNU-CXX.cmake">
          <Option virtualFolder="CMake Files\..\..\..\..\..\usr\local\share\cmake-2.8\Modules\Compiler\" />
      </Unit>
      <Unit filename="/home/nikita/Scripting/quadcopter/Quadcopter/../../../../../usr/local/share/cmake-2.8/Modules/Compiler/GNU.cmake">
          <Option virtualFolder="CMake Files\..\..\..\..\..\usr\local\share\cmake-2.8\Modules\Compiler\" />
      </Unit>
   </Project>
</CodeBlocks_project_file>
