<?xml version="1.0" encoding="UTF-8" standalone="yes" ?>
<CodeBlocks_project_file>
   <FileVersion major="1" minor="6" />
   <Project>
      <Option title="quadcopter" />
      <Option makefile_is_custom="1" />
      <Option compiler="gcc" />
      <Option virtualFolders="CMake Files\;CMake Files\..\;CMake Files\..\..\;CMake Files\..\..\..\;CMake Files\..\..\..\..\;CMake Files\..\..\..\..\..\;CMake Files\..\..\..\..\..\usr\;CMake Files\..\..\..\..\..\usr\local\;CMake Files\..\..\..\..\..\usr\local\share\;CMake Files\..\..\..\..\..\usr\local\share\cmake-2.8\;CMake Files\..\..\..\..\..\usr\local\share\cmake-2.8\Modules\;CMake Files\..\..\..\..\..\usr\local\share\cmake-2.8\Modules\Platform\;CMake Files\..\..\..\..\..\usr\local\share\cmake-2.8\Modules\Compiler\;" />
      <Build>
      <Target title="all">
         <Option working_dir="/home/nikita/Scripting/quadcopter/Quadcopter" />
         <Option type="4" />
         <MakeCommands>
            <Build command="/usr/bin/make -f &quot;/home/nikita/Scripting/quadcopter/Quadcopter/Makefile&quot; all" />
            <CompileFile command="/usr/bin/make -f &quot;/home/nikita/Scripting/quadcopter/Quadcopter/Makefile&quot; &quot;$file&quot;" />
            <Clean command="/usr/bin/make -f &quot;/home/nikita/Scripting/quadcopter/Quadcopter/Makefile&quot; clean" />
            <DistClean command="/usr/bin/make -f &quot;/home/nikita/Scripting/quadcopter/Quadcopter/Makefile&quot; clean" />
         </MakeCommands>
      </Target>
      <Target title="Quadcopter_">
         <Option output="/home/nikita/Scripting/quadcopter/Quadcopter/build/Quadcopter_" prefix_auto="0" extension_auto="0" />
         <Option working_dir="build/" />
         <Option object_output="./" />
         <Option type="1" />
         <Option compiler="gcc" />
         <Compiler>
         </Compiler>
         <MakeCommands>
            <Build command="/usr/bin/make -f &quot;/home/nikita/Scripting/quadcopter/Quadcopter/Makefile&quot; Quadcopter_" />
            <CompileFile command="/usr/bin/make -f &quot;/home/nikita/Scripting/quadcopter/Quadcopter/Makefile&quot; &quot;$file&quot;" />
            <Clean command="/usr/bin/make -f &quot;/home/nikita/Scripting/quadcopter/Quadcopter/Makefile&quot; clean" />
            <DistClean command="/usr/bin/make -f &quot;/home/nikita/Scripting/quadcopter/Quadcopter/Makefile&quot; clean" />
         </MakeCommands>
      </Target>
      <Target title="Quadcopter_/fast">
         <Option output="/home/nikita/Scripting/quadcopter/Quadcopter/build/Quadcopter_" prefix_auto="0" extension_auto="0" />
         <Option working_dir="build/" />
         <Option object_output="./" />
         <Option type="1" />
         <Option compiler="gcc" />
         <Compiler>
         </Compiler>
         <MakeCommands>
            <Build command="/usr/bin/make -f &quot;/home/nikita/Scripting/quadcopter/Quadcopter/Makefile&quot; Quadcopter_/fast" />
            <CompileFile command="/usr/bin/make -f &quot;/home/nikita/Scripting/quadcopter/Quadcopter/Makefile&quot; &quot;$file&quot;" />
            <Clean command="/usr/bin/make -f &quot;/home/nikita/Scripting/quadcopter/Quadcopter/Makefile&quot; clean" />
            <DistClean command="/usr/bin/make -f &quot;/home/nikita/Scripting/quadcopter/Quadcopter/Makefile&quot; clean" />
         </MakeCommands>
      </Target>
      <Target title="rebuild_cache">
         <Option working_dir="/home/nikita/Scripting/quadcopter/Quadcopter" />
         <Option type="4" />
         <MakeCommands>
            <Build command="/usr/bin/make -f &quot;/home/nikita/Scripting/quadcopter/Quadcopter/Makefile&quot; rebuild_cache" />
            <CompileFile command="/usr/bin/make -f &quot;/home/nikita/Scripting/quadcopter/Quadcopter/Makefile&quot; &quot;$file&quot;" />
            <Clean command="/usr/bin/make -f &quot;/home/nikita/Scripting/quadcopter/Quadcopter/Makefile&quot; clean" />
            <DistClean command="/usr/bin/make -f &quot;/home/nikita/Scripting/quadcopter/Quadcopter/Makefile&quot; clean" />
         </MakeCommands>
      </Target>
      </Build>
      <Unit filename="/home/nikita/Scripting/quadcopter/Quadcopter/src/PID.cpp">
      </Unit>
      <Unit filename="/home/nikita/Scripting/quadcopter/Quadcopter/src/RTIMULib/BMP085.c">
      </Unit>
      <Unit filename="/home/nikita/Scripting/quadcopter/Quadcopter/src/RTIMULib/CMakeFiles/CompilerIdC/CMakeCCompilerId.c">
      </Unit>
      <Unit filename="/home/nikita/Scripting/quadcopter/Quadcopter/src/RTIMULib/CMakeFiles/CompilerIdCXX/CMakeCXXCompilerId.cpp">
      </Unit>
      <Unit filename="/home/nikita/Scripting/quadcopter/Quadcopter/src/RTIMULib/NEO-6M.c">
      </Unit>
      <Unit filename="/home/nikita/Scripting/quadcopter/Quadcopter/src/RTIMULib/RTFusion.cpp">
      </Unit>
      <Unit filename="/home/nikita/Scripting/quadcopter/Quadcopter/src/RTIMULib/RTFusionKalman4.cpp">
      </Unit>
      <Unit filename="/home/nikita/Scripting/quadcopter/Quadcopter/src/RTIMULib/RTFusionRTQF.cpp">
      </Unit>
      <Unit filename="/home/nikita/Scripting/quadcopter/Quadcopter/src/RTIMULib/RTIMU.cpp">
      </Unit>
      <Unit filename="/home/nikita/Scripting/quadcopter/Quadcopter/src/RTIMULib/RTIMUHal.cpp">
      </Unit>
      <Unit filename="/home/nikita/Scripting/quadcopter/Quadcopter/src/RTIMULib/RTIMUMPU6050HMC5883L.cpp">
      </Unit>
      <Unit filename="/home/nikita/Scripting/quadcopter/Quadcopter/src/RTIMULib/RTIMUNull.cpp">
      </Unit>
      <Unit filename="/home/nikita/Scripting/quadcopter/Quadcopter/src/RTIMULib/RTIMUSettings.cpp">
      </Unit>
      <Unit filename="/home/nikita/Scripting/quadcopter/Quadcopter/src/RTIMULib/RTMath.cpp">
      </Unit>
      <Unit filename="/home/nikita/Scripting/quadcopter/Quadcopter/src/RTIMULib/imu.cpp">
      </Unit>
      <Unit filename="/home/nikita/Scripting/quadcopter/Quadcopter/src/autopilot.cpp">
      </Unit>
      <Unit filename="/home/nikita/Scripting/quadcopter/Quadcopter/src/autopilot_global_functions.c">
      </Unit>
      <Unit filename="/home/nikita/Scripting/quadcopter/Quadcopter/src/data_logger.c">
      </Unit>
      <Unit filename="/home/nikita/Scripting/quadcopter/Quadcopter/src/global_functions.c">
      </Unit>
      <Unit filename="/home/nikita/Scripting/quadcopter/Quadcopter/src/inter-thread-messages.c">
      </Unit>
      <Unit filename="/home/nikita/Scripting/quadcopter/Quadcopter/src/osd.c">
      </Unit>
      <Unit filename="/home/nikita/Scripting/quadcopter/Quadcopter/src/pilot.c">
      </Unit>
      <Unit filename="/home/nikita/Scripting/quadcopter/Quadcopter/src/proj/PJ_aea.c">
      </Unit>
      <Unit filename="/home/nikita/Scripting/quadcopter/Quadcopter/src/proj/PJ_aeqd.c">
      </Unit>
      <Unit filename="/home/nikita/Scripting/quadcopter/Quadcopter/src/proj/PJ_airy.c">
      </Unit>
      <Unit filename="/home/nikita/Scripting/quadcopter/Quadcopter/src/proj/PJ_aitoff.c">
      </Unit>
      <Unit filename="/home/nikita/Scripting/quadcopter/Quadcopter/src/proj/PJ_august.c">
      </Unit>
      <Unit filename="/home/nikita/Scripting/quadcopter/Quadcopter/src/proj/PJ_bacon.c">
      </Unit>
      <Unit filename="/home/nikita/Scripting/quadcopter/Quadcopter/src/proj/PJ_bipc.c">
      </Unit>
      <Unit filename="/home/nikita/Scripting/quadcopter/Quadcopter/src/proj/PJ_boggs.c">
      </Unit>
      <Unit filename="/home/nikita/Scripting/quadcopter/Quadcopter/src/proj/PJ_bonne.c">
      </Unit>
      <Unit filename="/home/nikita/Scripting/quadcopter/Quadcopter/src/proj/PJ_cass.c">
      </Unit>
      <Unit filename="/home/nikita/Scripting/quadcopter/Quadcopter/src/proj/PJ_cc.c">
      </Unit>
      <Unit filename="/home/nikita/Scripting/quadcopter/Quadcopter/src/proj/PJ_cea.c">
      </Unit>
      <Unit filename="/home/nikita/Scripting/quadcopter/Quadcopter/src/proj/PJ_chamb.c">
      </Unit>
      <Unit filename="/home/nikita/Scripting/quadcopter/Quadcopter/src/proj/PJ_collg.c">
      </Unit>
      <Unit filename="/home/nikita/Scripting/quadcopter/Quadcopter/src/proj/PJ_crast.c">
      </Unit>
      <Unit filename="/home/nikita/Scripting/quadcopter/Quadcopter/src/proj/PJ_denoy.c">
      </Unit>
      <Unit filename="/home/nikita/Scripting/quadcopter/Quadcopter/src/proj/PJ_eck1.c">
      </Unit>
      <Unit filename="/home/nikita/Scripting/quadcopter/Quadcopter/src/proj/PJ_eck2.c">
      </Unit>
      <Unit filename="/home/nikita/Scripting/quadcopter/Quadcopter/src/proj/PJ_eck3.c">
      </Unit>
      <Unit filename="/home/nikita/Scripting/quadcopter/Quadcopter/src/proj/PJ_eck4.c">
      </Unit>
      <Unit filename="/home/nikita/Scripting/quadcopter/Quadcopter/src/proj/PJ_eck5.c">
      </Unit>
      <Unit filename="/home/nikita/Scripting/quadcopter/Quadcopter/src/proj/PJ_eqc.c">
      </Unit>
      <Unit filename="/home/nikita/Scripting/quadcopter/Quadcopter/src/proj/PJ_eqdc.c">
      </Unit>
      <Unit filename="/home/nikita/Scripting/quadcopter/Quadcopter/src/proj/PJ_fahey.c">
      </Unit>
      <Unit filename="/home/nikita/Scripting/quadcopter/Quadcopter/src/proj/PJ_fouc_s.c">
      </Unit>
      <Unit filename="/home/nikita/Scripting/quadcopter/Quadcopter/src/proj/PJ_gall.c">
      </Unit>
      <Unit filename="/home/nikita/Scripting/quadcopter/Quadcopter/src/proj/PJ_geos.c">
      </Unit>
      <Unit filename="/home/nikita/Scripting/quadcopter/Quadcopter/src/proj/PJ_gins8.c">
      </Unit>
      <Unit filename="/home/nikita/Scripting/quadcopter/Quadcopter/src/proj/PJ_gn_sinu.c">
      </Unit>
      <Unit filename="/home/nikita/Scripting/quadcopter/Quadcopter/src/proj/PJ_gnom.c">
      </Unit>
      <Unit filename="/home/nikita/Scripting/quadcopter/Quadcopter/src/proj/PJ_goode.c">
      </Unit>
      <Unit filename="/home/nikita/Scripting/quadcopter/Quadcopter/src/proj/PJ_gstmerc.c">
      </Unit>
      <Unit filename="/home/nikita/Scripting/quadcopter/Quadcopter/src/proj/PJ_hammer.c">
      </Unit>
      <Unit filename="/home/nikita/Scripting/quadcopter/Quadcopter/src/proj/PJ_hatano.c">
      </Unit>
      <Unit filename="/home/nikita/Scripting/quadcopter/Quadcopter/src/proj/PJ_healpix.c">
      </Unit>
      <Unit filename="/home/nikita/Scripting/quadcopter/Quadcopter/src/proj/PJ_igh.c">
      </Unit>
      <Unit filename="/home/nikita/Scripting/quadcopter/Quadcopter/src/proj/PJ_imw_p.c">
      </Unit>
      <Unit filename="/home/nikita/Scripting/quadcopter/Quadcopter/src/proj/PJ_isea.c">
      </Unit>
      <Unit filename="/home/nikita/Scripting/quadcopter/Quadcopter/src/proj/PJ_krovak.c">
      </Unit>
      <Unit filename="/home/nikita/Scripting/quadcopter/Quadcopter/src/proj/PJ_labrd.c">
      </Unit>
      <Unit filename="/home/nikita/Scripting/quadcopter/Quadcopter/src/proj/PJ_laea.c">
      </Unit>
      <Unit filename="/home/nikita/Scripting/quadcopter/Quadcopter/src/proj/PJ_lagrng.c">
      </Unit>
      <Unit filename="/home/nikita/Scripting/quadcopter/Quadcopter/src/proj/PJ_larr.c">
      </Unit>
      <Unit filename="/home/nikita/Scripting/quadcopter/Quadcopter/src/proj/PJ_lask.c">
      </Unit>
      <Unit filename="/home/nikita/Scripting/quadcopter/Quadcopter/src/proj/PJ_lcc.c">
      </Unit>
      <Unit filename="/home/nikita/Scripting/quadcopter/Quadcopter/src/proj/PJ_lcca.c">
      </Unit>
      <Unit filename="/home/nikita/Scripting/quadcopter/Quadcopter/src/proj/PJ_loxim.c">
      </Unit>
      <Unit filename="/home/nikita/Scripting/quadcopter/Quadcopter/src/proj/PJ_lsat.c">
      </Unit>
      <Unit filename="/home/nikita/Scripting/quadcopter/Quadcopter/src/proj/PJ_mbt_fps.c">
      </Unit>
      <Unit filename="/home/nikita/Scripting/quadcopter/Quadcopter/src/proj/PJ_mbtfpp.c">
      </Unit>
      <Unit filename="/home/nikita/Scripting/quadcopter/Quadcopter/src/proj/PJ_mbtfpq.c">
      </Unit>
      <Unit filename="/home/nikita/Scripting/quadcopter/Quadcopter/src/proj/PJ_merc.c">
      </Unit>
      <Unit filename="/home/nikita/Scripting/quadcopter/Quadcopter/src/proj/PJ_mill.c">
      </Unit>
      <Unit filename="/home/nikita/Scripting/quadcopter/Quadcopter/src/proj/PJ_mod_ster.c">
      </Unit>
      <Unit filename="/home/nikita/Scripting/quadcopter/Quadcopter/src/proj/PJ_moll.c">
      </Unit>
      <Unit filename="/home/nikita/Scripting/quadcopter/Quadcopter/src/proj/PJ_natearth.c">
      </Unit>
      <Unit filename="/home/nikita/Scripting/quadcopter/Quadcopter/src/proj/PJ_nell.c">
      </Unit>
      <Unit filename="/home/nikita/Scripting/quadcopter/Quadcopter/src/proj/PJ_nell_h.c">
      </Unit>
      <Unit filename="/home/nikita/Scripting/quadcopter/Quadcopter/src/proj/PJ_nocol.c">
      </Unit>
      <Unit filename="/home/nikita/Scripting/quadcopter/Quadcopter/src/proj/PJ_nsper.c">
      </Unit>
      <Unit filename="/home/nikita/Scripting/quadcopter/Quadcopter/src/proj/PJ_nzmg.c">
      </Unit>
      <Unit filename="/home/nikita/Scripting/quadcopter/Quadcopter/src/proj/PJ_ob_tran.c">
      </Unit>
      <Unit filename="/home/nikita/Scripting/quadcopter/Quadcopter/src/proj/PJ_ocea.c">
      </Unit>
      <Unit filename="/home/nikita/Scripting/quadcopter/Quadcopter/src/proj/PJ_oea.c">
      </Unit>
      <Unit filename="/home/nikita/Scripting/quadcopter/Quadcopter/src/proj/PJ_omerc.c">
      </Unit>
      <Unit filename="/home/nikita/Scripting/quadcopter/Quadcopter/src/proj/PJ_ortho.c">
      </Unit>
      <Unit filename="/home/nikita/Scripting/quadcopter/Quadcopter/src/proj/PJ_poly.c">
      </Unit>
      <Unit filename="/home/nikita/Scripting/quadcopter/Quadcopter/src/proj/PJ_putp2.c">
      </Unit>
      <Unit filename="/home/nikita/Scripting/quadcopter/Quadcopter/src/proj/PJ_putp3.c">
      </Unit>
      <Unit filename="/home/nikita/Scripting/quadcopter/Quadcopter/src/proj/PJ_putp4p.c">
      </Unit>
      <Unit filename="/home/nikita/Scripting/quadcopter/Quadcopter/src/proj/PJ_putp5.c">
      </Unit>
      <Unit filename="/home/nikita/Scripting/quadcopter/Quadcopter/src/proj/PJ_putp6.c">
      </Unit>
      <Unit filename="/home/nikita/Scripting/quadcopter/Quadcopter/src/proj/PJ_robin.c">
      </Unit>
      <Unit filename="/home/nikita/Scripting/quadcopter/Quadcopter/src/proj/PJ_rpoly.c">
      </Unit>
      <Unit filename="/home/nikita/Scripting/quadcopter/Quadcopter/src/proj/PJ_sconics.c">
      </Unit>
      <Unit filename="/home/nikita/Scripting/quadcopter/Quadcopter/src/proj/PJ_somerc.c">
      </Unit>
      <Unit filename="/home/nikita/Scripting/quadcopter/Quadcopter/src/proj/PJ_stere.c">
      </Unit>
      <Unit filename="/home/nikita/Scripting/quadcopter/Quadcopter/src/proj/PJ_sterea.c">
      </Unit>
      <Unit filename="/home/nikita/Scripting/quadcopter/Quadcopter/src/proj/PJ_sts.c">
      </Unit>
      <Unit filename="/home/nikita/Scripting/quadcopter/Quadcopter/src/proj/PJ_tcc.c">
      </Unit>
      <Unit filename="/home/nikita/Scripting/quadcopter/Quadcopter/src/proj/PJ_tcea.c">
      </Unit>
      <Unit filename="/home/nikita/Scripting/quadcopter/Quadcopter/src/proj/PJ_tmerc.c">
      </Unit>
      <Unit filename="/home/nikita/Scripting/quadcopter/Quadcopter/src/proj/PJ_tpeqd.c">
      </Unit>
      <Unit filename="/home/nikita/Scripting/quadcopter/Quadcopter/src/proj/PJ_urm5.c">
      </Unit>
      <Unit filename="/home/nikita/Scripting/quadcopter/Quadcopter/src/proj/PJ_urmfps.c">
      </Unit>
      <Unit filename="/home/nikita/Scripting/quadcopter/Quadcopter/src/proj/PJ_vandg.c">
      </Unit>
      <Unit filename="/home/nikita/Scripting/quadcopter/Quadcopter/src/proj/PJ_vandg2.c">
      </Unit>
      <Unit filename="/home/nikita/Scripting/quadcopter/Quadcopter/src/proj/PJ_vandg4.c">
      </Unit>
      <Unit filename="/home/nikita/Scripting/quadcopter/Quadcopter/src/proj/PJ_wag2.c">
      </Unit>
      <Unit filename="/home/nikita/Scripting/quadcopter/Quadcopter/src/proj/PJ_wag3.c">
      </Unit>
      <Unit filename="/home/nikita/Scripting/quadcopter/Quadcopter/src/proj/PJ_wag7.c">
      </Unit>
      <Unit filename="/home/nikita/Scripting/quadcopter/Quadcopter/src/proj/PJ_wink1.c">
      </Unit>
      <Unit filename="/home/nikita/Scripting/quadcopter/Quadcopter/src/proj/PJ_wink2.c">
      </Unit>
      <Unit filename="/home/nikita/Scripting/quadcopter/Quadcopter/src/proj/aasincos.c">
      </Unit>
      <Unit filename="/home/nikita/Scripting/quadcopter/Quadcopter/src/proj/adjlon.c">
      </Unit>
      <Unit filename="/home/nikita/Scripting/quadcopter/Quadcopter/src/proj/bch2bps.c">
      </Unit>
      <Unit filename="/home/nikita/Scripting/quadcopter/Quadcopter/src/proj/bchgen.c">
      </Unit>
      <Unit filename="/home/nikita/Scripting/quadcopter/Quadcopter/src/proj/biveval.c">
      </Unit>
      <Unit filename="/home/nikita/Scripting/quadcopter/Quadcopter/src/proj/cs2cs.c">
      </Unit>
      <Unit filename="/home/nikita/Scripting/quadcopter/Quadcopter/src/proj/dmstor.c">
      </Unit>
      <Unit filename="/home/nikita/Scripting/quadcopter/Quadcopter/src/proj/emess.c">
      </Unit>
      <Unit filename="/home/nikita/Scripting/quadcopter/Quadcopter/src/proj/gen_cheb.c">
      </Unit>
      <Unit filename="/home/nikita/Scripting/quadcopter/Quadcopter/src/proj/geocent.c">
      </Unit>
      <Unit filename="/home/nikita/Scripting/quadcopter/Quadcopter/src/proj/geod.c">
      </Unit>
      <Unit filename="/home/nikita/Scripting/quadcopter/Quadcopter/src/proj/geod_for.c">
      </Unit>
      <Unit filename="/home/nikita/Scripting/quadcopter/Quadcopter/src/proj/geod_inv.c">
      </Unit>
      <Unit filename="/home/nikita/Scripting/quadcopter/Quadcopter/src/proj/geod_set.c">
      </Unit>
      <Unit filename="/home/nikita/Scripting/quadcopter/Quadcopter/src/proj/jniproj.c">
      </Unit>
      <Unit filename="/home/nikita/Scripting/quadcopter/Quadcopter/src/proj/mk_cheby.c">
      </Unit>
      <Unit filename="/home/nikita/Scripting/quadcopter/Quadcopter/src/proj/multistresstest.c">
      </Unit>
      <Unit filename="/home/nikita/Scripting/quadcopter/Quadcopter/src/proj/nad2bin.c">
      </Unit>
      <Unit filename="/home/nikita/Scripting/quadcopter/Quadcopter/src/proj/nad_cvt.c">
      </Unit>
      <Unit filename="/home/nikita/Scripting/quadcopter/Quadcopter/src/proj/nad_init.c">
      </Unit>
      <Unit filename="/home/nikita/Scripting/quadcopter/Quadcopter/src/proj/nad_intr.c">
      </Unit>
      <Unit filename="/home/nikita/Scripting/quadcopter/Quadcopter/src/proj/p_series.c">
      </Unit>
      <Unit filename="/home/nikita/Scripting/quadcopter/Quadcopter/src/proj/pj_apply_gridshift.c">
      </Unit>
      <Unit filename="/home/nikita/Scripting/quadcopter/Quadcopter/src/proj/pj_apply_vgridshift.c">
      </Unit>
      <Unit filename="/home/nikita/Scripting/quadcopter/Quadcopter/src/proj/pj_auth.c">
      </Unit>
      <Unit filename="/home/nikita/Scripting/quadcopter/Quadcopter/src/proj/pj_ctx.c">
      </Unit>
      <Unit filename="/home/nikita/Scripting/quadcopter/Quadcopter/src/proj/pj_datum_set.c">
      </Unit>
      <Unit filename="/home/nikita/Scripting/quadcopter/Quadcopter/src/proj/pj_datums.c">
      </Unit>
      <Unit filename="/home/nikita/Scripting/quadcopter/Quadcopter/src/proj/pj_deriv.c">
      </Unit>
      <Unit filename="/home/nikita/Scripting/quadcopter/Quadcopter/src/proj/pj_ell_set.c">
      </Unit>
      <Unit filename="/home/nikita/Scripting/quadcopter/Quadcopter/src/proj/pj_ellps.c">
      </Unit>
      <Unit filename="/home/nikita/Scripting/quadcopter/Quadcopter/src/proj/pj_errno.c">
      </Unit>
      <Unit filename="/home/nikita/Scripting/quadcopter/Quadcopter/src/proj/pj_factors.c">
      </Unit>
      <Unit filename="/home/nikita/Scripting/quadcopter/Quadcopter/src/proj/pj_fwd.c">
      </Unit>
      <Unit filename="/home/nikita/Scripting/quadcopter/Quadcopter/src/proj/pj_gauss.c">
      </Unit>
      <Unit filename="/home/nikita/Scripting/quadcopter/Quadcopter/src/proj/pj_geocent.c">
      </Unit>
      <Unit filename="/home/nikita/Scripting/quadcopter/Quadcopter/src/proj/pj_gridinfo.c">
      </Unit>
      <Unit filename="/home/nikita/Scripting/quadcopter/Quadcopter/src/proj/pj_gridlist.c">
      </Unit>
      <Unit filename="/home/nikita/Scripting/quadcopter/Quadcopter/src/proj/pj_init.c">
      </Unit>
      <Unit filename="/home/nikita/Scripting/quadcopter/Quadcopter/src/proj/pj_initcache.c">
      </Unit>
      <Unit filename="/home/nikita/Scripting/quadcopter/Quadcopter/src/proj/pj_inv.c">
      </Unit>
      <Unit filename="/home/nikita/Scripting/quadcopter/Quadcopter/src/proj/pj_latlong.c">
      </Unit>
      <Unit filename="/home/nikita/Scripting/quadcopter/Quadcopter/src/proj/pj_list.c">
      </Unit>
      <Unit filename="/home/nikita/Scripting/quadcopter/Quadcopter/src/proj/pj_log.c">
      </Unit>
      <Unit filename="/home/nikita/Scripting/quadcopter/Quadcopter/src/proj/pj_malloc.c">
      </Unit>
      <Unit filename="/home/nikita/Scripting/quadcopter/Quadcopter/src/proj/pj_mlfn.c">
      </Unit>
      <Unit filename="/home/nikita/Scripting/quadcopter/Quadcopter/src/proj/pj_msfn.c">
      </Unit>
      <Unit filename="/home/nikita/Scripting/quadcopter/Quadcopter/src/proj/pj_mutex.c">
      </Unit>
      <Unit filename="/home/nikita/Scripting/quadcopter/Quadcopter/src/proj/pj_open_lib.c">
      </Unit>
      <Unit filename="/home/nikita/Scripting/quadcopter/Quadcopter/src/proj/pj_param.c">
      </Unit>
      <Unit filename="/home/nikita/Scripting/quadcopter/Quadcopter/src/proj/pj_phi2.c">
      </Unit>
      <Unit filename="/home/nikita/Scripting/quadcopter/Quadcopter/src/proj/pj_pr_list.c">
      </Unit>
      <Unit filename="/home/nikita/Scripting/quadcopter/Quadcopter/src/proj/pj_qsfn.c">
      </Unit>
      <Unit filename="/home/nikita/Scripting/quadcopter/Quadcopter/src/proj/pj_release.c">
      </Unit>
      <Unit filename="/home/nikita/Scripting/quadcopter/Quadcopter/src/proj/pj_strerrno.c">
      </Unit>
      <Unit filename="/home/nikita/Scripting/quadcopter/Quadcopter/src/proj/pj_transform.c">
      </Unit>
      <Unit filename="/home/nikita/Scripting/quadcopter/Quadcopter/src/proj/pj_tsfn.c">
      </Unit>
      <Unit filename="/home/nikita/Scripting/quadcopter/Quadcopter/src/proj/pj_units.c">
      </Unit>
      <Unit filename="/home/nikita/Scripting/quadcopter/Quadcopter/src/proj/pj_utils.c">
      </Unit>
      <Unit filename="/home/nikita/Scripting/quadcopter/Quadcopter/src/proj/pj_zpoly1.c">
      </Unit>
      <Unit filename="/home/nikita/Scripting/quadcopter/Quadcopter/src/proj/proj.c">
      </Unit>
      <Unit filename="/home/nikita/Scripting/quadcopter/Quadcopter/src/proj/proj_etmerc.c">
      </Unit>
      <Unit filename="/home/nikita/Scripting/quadcopter/Quadcopter/src/proj/proj_mdist.c">
      </Unit>
      <Unit filename="/home/nikita/Scripting/quadcopter/Quadcopter/src/proj/proj_rouss.c">
      </Unit>
      <Unit filename="/home/nikita/Scripting/quadcopter/Quadcopter/src/proj/rtodms.c">
      </Unit>
      <Unit filename="/home/nikita/Scripting/quadcopter/Quadcopter/src/proj/vector1.c">
      </Unit>
      <Unit filename="/home/nikita/Scripting/quadcopter/Quadcopter/src/quadcopter.cpp">
      </Unit>
      <Unit filename="/home/nikita/Scripting/quadcopter/Quadcopter/src/reader.c">
      </Unit>
      <Unit filename="/home/nikita/Scripting/quadcopter/Quadcopter/src/Inter thread messages.cbp">
      </Unit>
      <Unit filename="/home/nikita/Scripting/quadcopter/Quadcopter/src/Makefile">
      </Unit>
      <Unit filename="/home/nikita/Scripting/quadcopter/Quadcopter/src/PID.h">
      </Unit>
      <Unit filename="/home/nikita/Scripting/quadcopter/Quadcopter/src/Quadcopter.cbp">
      </Unit>
      <Unit filename="/home/nikita/Scripting/quadcopter/Quadcopter/src/Quadcopter.depend">
      </Unit>
      <Unit filename="/home/nikita/Scripting/quadcopter/Quadcopter/src/Quadcopter.layout">
      </Unit>
      <Unit filename="/home/nikita/Scripting/quadcopter/Quadcopter/src/RTIMULib/BMP085.h">
      </Unit>
      <Unit filename="/home/nikita/Scripting/quadcopter/Quadcopter/src/RTIMULib/CMakeCache.txt">
      </Unit>
      <Unit filename="/home/nikita/Scripting/quadcopter/Quadcopter/src/RTIMULib/CMakeFiles/CMakeCCompiler.cmake">
      </Unit>
      <Unit filename="/home/nikita/Scripting/quadcopter/Quadcopter/src/RTIMULib/CMakeFiles/CMakeCXXCompiler.cmake">
      </Unit>
      <Unit filename="/home/nikita/Scripting/quadcopter/Quadcopter/src/RTIMULib/CMakeFiles/CMakeDetermineCompilerABI_C.bin">
      </Unit>
      <Unit filename="/home/nikita/Scripting/quadcopter/Quadcopter/src/RTIMULib/CMakeFiles/CMakeDetermineCompilerABI_CXX.bin">
      </Unit>
      <Unit filename="/home/nikita/Scripting/quadcopter/Quadcopter/src/RTIMULib/CMakeFiles/CMakeDirectoryInformation.cmake">
      </Unit>
      <Unit filename="/home/nikita/Scripting/quadcopter/Quadcopter/src/RTIMULib/CMakeFiles/CMakeOutput.log">
      </Unit>
      <Unit filename="/home/nikita/Scripting/quadcopter/Quadcopter/src/RTIMULib/CMakeFiles/CMakeSystem.cmake">
      </Unit>
      <Unit filename="/home/nikita/Scripting/quadcopter/Quadcopter/src/RTIMULib/CMakeFiles/CompilerIdC/a.out">
      </Unit>
      <Unit filename="/home/nikita/Scripting/quadcopter/Quadcopter/src/RTIMULib/CMakeFiles/CompilerIdCXX/a.out">
      </Unit>
      <Unit filename="/home/nikita/Scripting/quadcopter/Quadcopter/src/RTIMULib/CMakeFiles/IMULib.dir/CXX.includecache">
      </Unit>
      <Unit filename="/home/nikita/Scripting/quadcopter/Quadcopter/src/RTIMULib/CMakeFiles/IMULib.dir/DependInfo.cmake">
      </Unit>
      <Unit filename="/home/nikita/Scripting/quadcopter/Quadcopter/src/RTIMULib/CMakeFiles/IMULib.dir/RTFusion.cpp.o">
      </Unit>
      <Unit filename="/home/nikita/Scripting/quadcopter/Quadcopter/src/RTIMULib/CMakeFiles/IMULib.dir/RTFusionKalman4.cpp.o">
      </Unit>
      <Unit filename="/home/nikita/Scripting/quadcopter/Quadcopter/src/RTIMULib/CMakeFiles/IMULib.dir/RTFusionRTQF.cpp.o">
      </Unit>
      <Unit filename="/home/nikita/Scripting/quadcopter/Quadcopter/src/RTIMULib/CMakeFiles/IMULib.dir/RTIMU.cpp.o">
      </Unit>
      <Unit filename="/home/nikita/Scripting/quadcopter/Quadcopter/src/RTIMULib/CMakeFiles/IMULib.dir/RTIMUHal.cpp.o">
      </Unit>
      <Unit filename="/home/nikita/Scripting/quadcopter/Quadcopter/src/RTIMULib/CMakeFiles/IMULib.dir/RTIMUMPU6050HMC5883L.cpp.o">
      </Unit>
      <Unit filename="/home/nikita/Scripting/quadcopter/Quadcopter/src/RTIMULib/CMakeFiles/IMULib.dir/RTIMUNull.cpp.o">
      </Unit>
      <Unit filename="/home/nikita/Scripting/quadcopter/Quadcopter/src/RTIMULib/CMakeFiles/IMULib.dir/RTIMUSettings.cpp.o">
      </Unit>
      <Unit filename="/home/nikita/Scripting/quadcopter/Quadcopter/src/RTIMULib/CMakeFiles/IMULib.dir/RTMath.cpp.o">
      </Unit>
      <Unit filename="/home/nikita/Scripting/quadcopter/Quadcopter/src/RTIMULib/CMakeFiles/IMULib.dir/build.make">
      </Unit>
      <Unit filename="/home/nikita/Scripting/quadcopter/Quadcopter/src/RTIMULib/CMakeFiles/IMULib.dir/cmake_clean.cmake">
      </Unit>
      <Unit filename="/home/nikita/Scripting/quadcopter/Quadcopter/src/RTIMULib/CMakeFiles/IMULib.dir/cmake_clean_target.cmake">
      </Unit>
      <Unit filename="/home/nikita/Scripting/quadcopter/Quadcopter/src/RTIMULib/CMakeFiles/IMULib.dir/depend.internal">
      </Unit>
      <Unit filename="/home/nikita/Scripting/quadcopter/Quadcopter/src/RTIMULib/CMakeFiles/IMULib.dir/depend.make">
      </Unit>
      <Unit filename="/home/nikita/Scripting/quadcopter/Quadcopter/src/RTIMULib/CMakeFiles/IMULib.dir/flags.make">
      </Unit>
      <Unit filename="/home/nikita/Scripting/quadcopter/Quadcopter/src/RTIMULib/CMakeFiles/IMULib.dir/link.txt">
      </Unit>
      <Unit filename="/home/nikita/Scripting/quadcopter/Quadcopter/src/RTIMULib/CMakeFiles/IMULib.dir/progress.make">
      </Unit>
      <Unit filename="/home/nikita/Scripting/quadcopter/Quadcopter/src/RTIMULib/CMakeFiles/IMU_exec.dir/CXX.includecache">
      </Unit>
      <Unit filename="/home/nikita/Scripting/quadcopter/Quadcopter/src/RTIMULib/CMakeFiles/IMU_exec.dir/DependInfo.cmake">
      </Unit>
      <Unit filename="/home/nikita/Scripting/quadcopter/Quadcopter/src/RTIMULib/CMakeFiles/IMU_exec.dir/RTFusion.cpp.o">
      </Unit>
      <Unit filename="/home/nikita/Scripting/quadcopter/Quadcopter/src/RTIMULib/CMakeFiles/IMU_exec.dir/RTFusionKalman4.cpp.o">
      </Unit>
      <Unit filename="/home/nikita/Scripting/quadcopter/Quadcopter/src/RTIMULib/CMakeFiles/IMU_exec.dir/RTFusionRTQF.cpp.o">
      </Unit>
      <Unit filename="/home/nikita/Scripting/quadcopter/Quadcopter/src/RTIMULib/CMakeFiles/IMU_exec.dir/RTIMU.cpp.o">
      </Unit>
      <Unit filename="/home/nikita/Scripting/quadcopter/Quadcopter/src/RTIMULib/CMakeFiles/IMU_exec.dir/RTIMUHal.cpp.o">
      </Unit>
      <Unit filename="/home/nikita/Scripting/quadcopter/Quadcopter/src/RTIMULib/CMakeFiles/IMU_exec.dir/RTIMUMPU6050HMC5883L.cpp.o">
      </Unit>
      <Unit filename="/home/nikita/Scripting/quadcopter/Quadcopter/src/RTIMULib/CMakeFiles/IMU_exec.dir/RTIMUNull.cpp.o">
      </Unit>
      <Unit filename="/home/nikita/Scripting/quadcopter/Quadcopter/src/RTIMULib/CMakeFiles/IMU_exec.dir/RTIMUSettings.cpp.o">
      </Unit>
      <Unit filename="/home/nikita/Scripting/quadcopter/Quadcopter/src/RTIMULib/CMakeFiles/IMU_exec.dir/RTMath.cpp.o">
      </Unit>
      <Unit filename="/home/nikita/Scripting/quadcopter/Quadcopter/src/RTIMULib/CMakeFiles/IMU_exec.dir/build.make">
      </Unit>
      <Unit filename="/home/nikita/Scripting/quadcopter/Quadcopter/src/RTIMULib/CMakeFiles/IMU_exec.dir/cmake_clean.cmake">
      </Unit>
      <Unit filename="/home/nikita/Scripting/quadcopter/Quadcopter/src/RTIMULib/CMakeFiles/IMU_exec.dir/depend.internal">
      </Unit>
      <Unit filename="/home/nikita/Scripting/quadcopter/Quadcopter/src/RTIMULib/CMakeFiles/IMU_exec.dir/depend.make">
      </Unit>
      <Unit filename="/home/nikita/Scripting/quadcopter/Quadcopter/src/RTIMULib/CMakeFiles/IMU_exec.dir/flags.make">
      </Unit>
      <Unit filename="/home/nikita/Scripting/quadcopter/Quadcopter/src/RTIMULib/CMakeFiles/IMU_exec.dir/link.txt">
      </Unit>
      <Unit filename="/home/nikita/Scripting/quadcopter/Quadcopter/src/RTIMULib/CMakeFiles/IMU_exec.dir/progress.make">
      </Unit>
      <Unit filename="/home/nikita/Scripting/quadcopter/Quadcopter/src/RTIMULib/CMakeFiles/Makefile.cmake">
      </Unit>
      <Unit filename="/home/nikita/Scripting/quadcopter/Quadcopter/src/RTIMULib/CMakeFiles/Makefile2">
      </Unit>
      <Unit filename="/home/nikita/Scripting/quadcopter/Quadcopter/src/RTIMULib/CMakeFiles/QuadcopterLib.dir/C.includecache">
      </Unit>
      <Unit filename="/home/nikita/Scripting/quadcopter/Quadcopter/src/RTIMULib/CMakeFiles/QuadcopterLib.dir/DependInfo.cmake">
      </Unit>
      <Unit filename="/home/nikita/Scripting/quadcopter/Quadcopter/src/RTIMULib/CMakeFiles/QuadcopterLib.dir/build.make">
      </Unit>
      <Unit filename="/home/nikita/Scripting/quadcopter/Quadcopter/src/RTIMULib/CMakeFiles/QuadcopterLib.dir/cmake_clean.cmake">
      </Unit>
      <Unit filename="/home/nikita/Scripting/quadcopter/Quadcopter/src/RTIMULib/CMakeFiles/QuadcopterLib.dir/cmake_clean_target.cmake">
      </Unit>
      <Unit filename="/home/nikita/Scripting/quadcopter/Quadcopter/src/RTIMULib/CMakeFiles/QuadcopterLib.dir/depend.internal">
      </Unit>
      <Unit filename="/home/nikita/Scripting/quadcopter/Quadcopter/src/RTIMULib/CMakeFiles/QuadcopterLib.dir/depend.make">
      </Unit>
      <Unit filename="/home/nikita/Scripting/quadcopter/Quadcopter/src/RTIMULib/CMakeFiles/QuadcopterLib.dir/flags.make">
      </Unit>
      <Unit filename="/home/nikita/Scripting/quadcopter/Quadcopter/src/RTIMULib/CMakeFiles/QuadcopterLib.dir/link.txt">
      </Unit>
      <Unit filename="/home/nikita/Scripting/quadcopter/Quadcopter/src/RTIMULib/CMakeFiles/QuadcopterLib.dir/progress.make">
      </Unit>
      <Unit filename="/home/nikita/Scripting/quadcopter/Quadcopter/src/RTIMULib/CMakeFiles/TargetDirectories.txt">
      </Unit>
      <Unit filename="/home/nikita/Scripting/quadcopter/Quadcopter/src/RTIMULib/CMakeFiles/cmake.check_cache">
      </Unit>
      <Unit filename="/home/nikita/Scripting/quadcopter/Quadcopter/src/RTIMULib/CMakeFiles/progress.marks">
      </Unit>
      <Unit filename="/home/nikita/Scripting/quadcopter/Quadcopter/src/RTIMULib/CMakeFiles/quadcopter_exec.dir/DependInfo.cmake">
      </Unit>
      <Unit filename="/home/nikita/Scripting/quadcopter/Quadcopter/src/RTIMULib/CMakeFiles/quadcopter_exec.dir/build.make">
      </Unit>
      <Unit filename="/home/nikita/Scripting/quadcopter/Quadcopter/src/RTIMULib/CMakeFiles/quadcopter_exec.dir/cmake_clean.cmake">
      </Unit>
      <Unit filename="/home/nikita/Scripting/quadcopter/Quadcopter/src/RTIMULib/CMakeFiles/quadcopter_exec.dir/depend.make">
      </Unit>
      <Unit filename="/home/nikita/Scripting/quadcopter/Quadcopter/src/RTIMULib/CMakeFiles/quadcopter_exec.dir/flags.make">
      </Unit>
      <Unit filename="/home/nikita/Scripting/quadcopter/Quadcopter/src/RTIMULib/CMakeFiles/quadcopter_exec.dir/link.txt">
      </Unit>
      <Unit filename="/home/nikita/Scripting/quadcopter/Quadcopter/src/RTIMULib/CMakeFiles/quadcopter_exec.dir/progress.make">
      </Unit>
      <Unit filename="/home/nikita/Scripting/quadcopter/Quadcopter/src/RTIMULib/CMakeLists.txt">
      </Unit>
      <Unit filename="/home/nikita/Scripting/quadcopter/Quadcopter/src/RTIMULib/CMakeLists.txt~">
      </Unit>
      <Unit filename="/home/nikita/Scripting/quadcopter/Quadcopter/src/RTIMULib/Makefile">
      </Unit>
      <Unit filename="/home/nikita/Scripting/quadcopter/Quadcopter/src/RTIMULib/NEO-6M.h">
      </Unit>
      <Unit filename="/home/nikita/Scripting/quadcopter/Quadcopter/src/RTIMULib/RTFusion.h">
      </Unit>
      <Unit filename="/home/nikita/Scripting/quadcopter/Quadcopter/src/RTIMULib/RTFusionKalman4.h">
      </Unit>
      <Unit filename="/home/nikita/Scripting/quadcopter/Quadcopter/src/RTIMULib/RTFusionRTQF.h">
      </Unit>
      <Unit filename="/home/nikita/Scripting/quadcopter/Quadcopter/src/RTIMULib/RTIMU.h">
      </Unit>
      <Unit filename="/home/nikita/Scripting/quadcopter/Quadcopter/src/RTIMULib/RTIMUHal.h">
      </Unit>
      <Unit filename="/home/nikita/Scripting/quadcopter/Quadcopter/src/RTIMULib/RTIMULib.h">
      </Unit>
      <Unit filename="/home/nikita/Scripting/quadcopter/Quadcopter/src/RTIMULib/RTIMULib.pri">
      </Unit>
      <Unit filename="/home/nikita/Scripting/quadcopter/Quadcopter/src/RTIMULib/RTIMULib/CMakeFiles/CMakeDirectoryInformation.cmake">
      </Unit>
      <Unit filename="/home/nikita/Scripting/quadcopter/Quadcopter/src/RTIMULib/RTIMULib/CMakeFiles/IMULib.dir/DependInfo.cmake">
      </Unit>
      <Unit filename="/home/nikita/Scripting/quadcopter/Quadcopter/src/RTIMULib/RTIMULib/CMakeFiles/IMULib.dir/build.make">
      </Unit>
      <Unit filename="/home/nikita/Scripting/quadcopter/Quadcopter/src/RTIMULib/RTIMULib/CMakeFiles/IMULib.dir/cmake_clean.cmake">
      </Unit>
      <Unit filename="/home/nikita/Scripting/quadcopter/Quadcopter/src/RTIMULib/RTIMULib/CMakeFiles/IMULib.dir/cmake_clean_target.cmake">
      </Unit>
      <Unit filename="/home/nikita/Scripting/quadcopter/Quadcopter/src/RTIMULib/RTIMULib/CMakeFiles/IMULib.dir/depend.make">
      </Unit>
      <Unit filename="/home/nikita/Scripting/quadcopter/Quadcopter/src/RTIMULib/RTIMULib/CMakeFiles/IMULib.dir/flags.make">
      </Unit>
      <Unit filename="/home/nikita/Scripting/quadcopter/Quadcopter/src/RTIMULib/RTIMULib/CMakeFiles/IMULib.dir/link.txt">
      </Unit>
      <Unit filename="/home/nikita/Scripting/quadcopter/Quadcopter/src/RTIMULib/RTIMULib/CMakeFiles/IMULib.dir/progress.make">
      </Unit>
      <Unit filename="/home/nikita/Scripting/quadcopter/Quadcopter/src/RTIMULib/RTIMULib/CMakeFiles/progress.marks">
      </Unit>
      <Unit filename="/home/nikita/Scripting/quadcopter/Quadcopter/src/RTIMULib/RTIMULib/Makefile">
      </Unit>
      <Unit filename="/home/nikita/Scripting/quadcopter/Quadcopter/src/RTIMULib/RTIMULib/cmake_install.cmake">
      </Unit>
      <Unit filename="/home/nikita/Scripting/quadcopter/Quadcopter/src/RTIMULib/RTIMULibDefs.h">
      </Unit>
      <Unit filename="/home/nikita/Scripting/quadcopter/Quadcopter/src/RTIMULib/RTIMUMPU6050HMC5883L.h">
      </Unit>
      <Unit filename="/home/nikita/Scripting/quadcopter/Quadcopter/src/RTIMULib/RTIMUNull.h">
      </Unit>
      <Unit filename="/home/nikita/Scripting/quadcopter/Quadcopter/src/RTIMULib/RTIMUSettings.h">
      </Unit>
      <Unit filename="/home/nikita/Scripting/quadcopter/Quadcopter/src/RTIMULib/RTMath.h">
      </Unit>
      <Unit filename="/home/nikita/Scripting/quadcopter/Quadcopter/src/RTIMULib/cmake_install.cmake">
      </Unit>
      <Unit filename="/home/nikita/Scripting/quadcopter/Quadcopter/src/RTIMULib/libIMULib.a">
      </Unit>
      <Unit filename="/home/nikita/Scripting/quadcopter/Quadcopter/src/autopilot.h">
      </Unit>
      <Unit filename="/home/nikita/Scripting/quadcopter/Quadcopter/src/autopilot.h.save">
      </Unit>
      <Unit filename="/home/nikita/Scripting/quadcopter/Quadcopter/src/autopilot_global_functions.h">
      </Unit>
      <Unit filename="/home/nikita/Scripting/quadcopter/Quadcopter/src/autopilot_global_variables.h">
      </Unit>
      <Unit filename="/home/nikita/Scripting/quadcopter/Quadcopter/src/autopilot_global_variables.h.save">
      </Unit>
      <Unit filename="/home/nikita/Scripting/quadcopter/Quadcopter/src/data_logger.h">
      </Unit>
      <Unit filename="/home/nikita/Scripting/quadcopter/Quadcopter/src/data_logger_global_variables.h">
      </Unit>
      <Unit filename="/home/nikita/Scripting/quadcopter/Quadcopter/src/global_functions.h">
      </Unit>
      <Unit filename="/home/nikita/Scripting/quadcopter/Quadcopter/src/global_functions.h.save">
      </Unit>
      <Unit filename="/home/nikita/Scripting/quadcopter/Quadcopter/src/imu.h">
      </Unit>
      <Unit filename="/home/nikita/Scripting/quadcopter/Quadcopter/src/imu_globals_variables.h">
      </Unit>
      <Unit filename="/home/nikita/Scripting/quadcopter/Quadcopter/src/imu_globals_variables.h.save">
      </Unit>
      <Unit filename="/home/nikita/Scripting/quadcopter/Quadcopter/src/inter-thread-messages.c.save">
      </Unit>
      <Unit filename="/home/nikita/Scripting/quadcopter/Quadcopter/src/inter-thread-messages.h">
      </Unit>
      <Unit filename="/home/nikita/Scripting/quadcopter/Quadcopter/src/inter-thread-messages.h.save">
      </Unit>
      <Unit filename="/home/nikita/Scripting/quadcopter/Quadcopter/src/main.h">
      </Unit>
      <Unit filename="/home/nikita/Scripting/quadcopter/Quadcopter/src/messages.txt">
      </Unit>
      <Unit filename="/home/nikita/Scripting/quadcopter/Quadcopter/src/osd.h">
      </Unit>
      <Unit filename="/home/nikita/Scripting/quadcopter/Quadcopter/src/pca9685.h">
      </Unit>
      <Unit filename="/home/nikita/Scripting/quadcopter/Quadcopter/src/pilot.h">
      </Unit>
      <Unit filename="/home/nikita/Scripting/quadcopter/Quadcopter/src/pilot_global_variables.h">
      </Unit>
      <Unit filename="/home/nikita/Scripting/quadcopter/Quadcopter/src/proj/Makefile.am">
      </Unit>
      <Unit filename="/home/nikita/Scripting/quadcopter/Quadcopter/src/proj/Makefile.in">
      </Unit>
      <Unit filename="/home/nikita/Scripting/quadcopter/Quadcopter/src/proj/PJ_urmfps.c~">
      </Unit>
      <Unit filename="/home/nikita/Scripting/quadcopter/Quadcopter/src/proj/emess.h">
      </Unit>
      <Unit filename="/home/nikita/Scripting/quadcopter/Quadcopter/src/proj/geocent.h">
      </Unit>
      <Unit filename="/home/nikita/Scripting/quadcopter/Quadcopter/src/proj/geodesic.h">
      </Unit>
      <Unit filename="/home/nikita/Scripting/quadcopter/Quadcopter/src/proj/makefile.vc">
      </Unit>
      <Unit filename="/home/nikita/Scripting/quadcopter/Quadcopter/src/proj/mk_cheby.c~">
      </Unit>
      <Unit filename="/home/nikita/Scripting/quadcopter/Quadcopter/src/proj/nad2bin.c~">
      </Unit>
      <Unit filename="/home/nikita/Scripting/quadcopter/Quadcopter/src/proj/nad_cvt.c~">
      </Unit>
      <Unit filename="/home/nikita/Scripting/quadcopter/Quadcopter/src/proj/nad_init.c~">
      </Unit>
      <Unit filename="/home/nikita/Scripting/quadcopter/Quadcopter/src/proj/org_proj4_Projections.h">
      </Unit>
      <Unit filename="/home/nikita/Scripting/quadcopter/Quadcopter/src/proj/pj_datums.c~">
      </Unit>
      <Unit filename="/home/nikita/Scripting/quadcopter/Quadcopter/src/proj/pj_factors.c~">
      </Unit>
      <Unit filename="/home/nikita/Scripting/quadcopter/Quadcopter/src/proj/pj_list.h">
      </Unit>
      <Unit filename="/home/nikita/Scripting/quadcopter/Quadcopter/src/proj/pj_malloc.c~">
      </Unit>
      <Unit filename="/home/nikita/Scripting/quadcopter/Quadcopter/src/proj/proj.def">
      </Unit>
      <Unit filename="/home/nikita/Scripting/quadcopter/Quadcopter/src/proj/proj_api.h">
      </Unit>
      <Unit filename="/home/nikita/Scripting/quadcopter/Quadcopter/src/proj/proj_config.h">
      </Unit>
      <Unit filename="/home/nikita/Scripting/quadcopter/Quadcopter/src/proj/projects.h">
      </Unit>
      <Unit filename="/home/nikita/Scripting/quadcopter/Quadcopter/src/reader.h">
      </Unit>
      <Unit filename="/home/nikita/Scripting/quadcopter/Quadcopter/src/reader_global_functions.h">
      </Unit>
      <Unit filename="/home/nikita/Scripting/quadcopter/Quadcopter/src/reader_global_variables.h">
      </Unit>
      <Unit filename="/home/nikita/Scripting/quadcopter/Quadcopter/src/shared_librairies.h">
      </Unit>
      <Unit filename="/home/nikita/Scripting/quadcopter/Quadcopter/CMakeLists.txt">
          <Option virtualFolder="CMake Files\" />
      </Unit>
      <Unit filename="/home/nikita/Scripting/quadcopter/Quadcopter/../../../../../usr/local/share/cmake-2.8/Modules/CMakeSystemSpecificInformation.cmake">
          <Option virtualFolder="CMake Files\..\..\..\..\..\usr\local\share\cmake-2.8\Modules\" />
      </Unit>
      <Unit filename="/home/nikita/Scripting/quadcopter/Quadcopter/../../../../../usr/local/share/cmake-2.8/Modules/CMakeGenericSystem.cmake">
          <Option virtualFolder="CMake Files\..\..\..\..\..\usr\local\share\cmake-2.8\Modules\" />
      </Unit>
      <Unit filename="/home/nikita/Scripting/quadcopter/Quadcopter/../../../../../usr/local/share/cmake-2.8/Modules/CMakeFindCodeBlocks.cmake">
          <Option virtualFolder="CMake Files\..\..\..\..\..\usr\local\share\cmake-2.8\Modules\" />
      </Unit>
      <Unit filename="/home/nikita/Scripting/quadcopter/Quadcopter/../../../../../usr/local/share/cmake-2.8/Modules/CMakeCInformation.cmake">
          <Option virtualFolder="CMake Files\..\..\..\..\..\usr\local\share\cmake-2.8\Modules\" />
      </Unit>
      <Unit filename="/home/nikita/Scripting/quadcopter/Quadcopter/../../../../../usr/local/share/cmake-2.8/Modules/CMakeCommonLanguageInclude.cmake">
          <Option virtualFolder="CMake Files\..\..\..\..\..\usr\local\share\cmake-2.8\Modules\" />
      </Unit>
      <Unit filename="/home/nikita/Scripting/quadcopter/Quadcopter/../../../../../usr/local/share/cmake-2.8/Modules/CMakeCXXInformation.cmake">
          <Option virtualFolder="CMake Files\..\..\..\..\..\usr\local\share\cmake-2.8\Modules\" />
      </Unit>
      <Unit filename="/home/nikita/Scripting/quadcopter/Quadcopter/../../../../../usr/local/share/cmake-2.8/Modules/CMakeCommonLanguageInclude.cmake">
          <Option virtualFolder="CMake Files\..\..\..\..\..\usr\local\share\cmake-2.8\Modules\" />
      </Unit>
      <Unit filename="/home/nikita/Scripting/quadcopter/Quadcopter/../../../../../usr/local/share/cmake-2.8/Modules/Platform/Linux.cmake">
          <Option virtualFolder="CMake Files\..\..\..\..\..\usr\local\share\cmake-2.8\Modules\Platform\" />
      </Unit>
      <Unit filename="/home/nikita/Scripting/quadcopter/Quadcopter/../../../../../usr/local/share/cmake-2.8/Modules/Platform/UnixPaths.cmake">
          <Option virtualFolder="CMake Files\..\..\..\..\..\usr\local\share\cmake-2.8\Modules\Platform\" />
      </Unit>
      <Unit filename="/home/nikita/Scripting/quadcopter/Quadcopter/../../../../../usr/local/share/cmake-2.8/Modules/Platform/Linux-GNU-C.cmake">
          <Option virtualFolder="CMake Files\..\..\..\..\..\usr\local\share\cmake-2.8\Modules\Platform\" />
      </Unit>
      <Unit filename="/home/nikita/Scripting/quadcopter/Quadcopter/../../../../../usr/local/share/cmake-2.8/Modules/Platform/Linux-GNU.cmake">
          <Option virtualFolder="CMake Files\..\..\..\..\..\usr\local\share\cmake-2.8\Modules\Platform\" />
      </Unit>
      <Unit filename="/home/nikita/Scripting/quadcopter/Quadcopter/../../../../../usr/local/share/cmake-2.8/Modules/Platform/Linux-GNU-CXX.cmake">
          <Option virtualFolder="CMake Files\..\..\..\..\..\usr\local\share\cmake-2.8\Modules\Platform\" />
      </Unit>
      <Unit filename="/home/nikita/Scripting/quadcopter/Quadcopter/../../../../../usr/local/share/cmake-2.8/Modules/Platform/Linux-GNU.cmake">
          <Option virtualFolder="CMake Files\..\..\..\..\..\usr\local\share\cmake-2.8\Modules\Platform\" />
      </Unit>
      <Unit filename="/home/nikita/Scripting/quadcopter/Quadcopter/../../../../../usr/local/share/cmake-2.8/Modules/Compiler/GNU-C.cmake">
          <Option virtualFolder="CMake Files\..\..\..\..\..\usr\local\share\cmake-2.8\Modules\Compiler\" />
      </Unit>
      <Unit filename="/home/nikita/Scripting/quadcopter/Quadcopter/../../../../../usr/local/share/cmake-2.8/Modules/Compiler/GNU.cmake">
          <Option virtualFolder="CMake Files\..\..\..\..\..\usr\local\share\cmake-2.8\Modules\Compiler\" />
      </Unit>
      <Unit filename="/home/nikita/Scripting/quadcopter/Quadcopter/../../../../../usr/local/share/cmake-2.8/Modules/Compiler/GNU-CXX.cmake">
          <Option virtualFolder="CMake Files\..\..\..\..\..\usr\local\share\cmake-2.8\Modules\Compiler\" />
      </Unit>
      <Unit filename="/home/nikita/Scripting/quadcopter/Quadcopter/../../../../../usr/local/share/cmake-2.8/Modules/Compiler/GNU.cmake">
          <Option virtualFolder="CMake Files\..\..\..\..\..\usr\local\share\cmake-2.8\Modules\Compiler\" />
      </Unit>
   </Project>
</CodeBlocks_project_file>
