<?xml version="1.0" encoding="UTF-8" standalone="yes" ?>
<CodeBlocks_project_file>
   <FileVersion major="1" minor="6" />
   <Project>
      <Option title="quadcopter" />
      <Option makefile_is_custom="1" />
      <Option compiler="gcc" />
      <Option virtualFolders="CMake Files\;CMake Files\..\;CMake Files\..\..\;CMake Files\..\..\..\;CMake Files\..\..\..\..\;CMake Files\..\..\..\..\..\;CMake Files\..\..\..\..\..\usr\;CMake Files\..\..\..\..\..\usr\local\;CMake Files\..\..\..\..\..\usr\local\share\;CMake Files\..\..\..\..\..\usr\local\share\cmake-2.8\;CMake Files\..\..\..\..\..\usr\local\share\cmake-2.8\Modules\;CMake Files\..\..\..\..\..\usr\local\share\cmake-2.8\Modules\Platform\;CMake Files\..\..\..\..\..\usr\local\share\cmake-2.8\Modules\Compiler\;" />
      <Build>
      <Target title="all">
         <Option working_dir="/home/nikita/Scripting/quadcopter/Quadcopter" />
         <Option type="4" />
         <MakeCommands>
            <Build command="/usr/bin/make -f &quot;/home/nikita/Scripting/quadcopter/Quadcopter/Makefile&quot; all" />
            <CompileFile command="/usr/bin/make -f &quot;/home/nikita/Scripting/quadcopter/Quadcopter/Makefile&quot; &quot;$file&quot;" />
            <Clean command="/usr/bin/make -f &quot;/home/nikita/Scripting/quadcopter/Quadcopter/Makefile&quot; clean" />
            <DistClean command="/usr/bin/make -f &quot;/home/nikita/Scripting/quadcopter/Quadcopter/Makefile&quot; clean" />
         </MakeCommands>
      </Target>
      <Target title="Quadcopter_">
         <Option output="/home/nikita/Scripting/quadcopter/Quadcopter/build/Quadcopter_" prefix_auto="0" extension_auto="0" />
         <Option working_dir="build/" />
         <Option object_output="./" />
         <Option type="1" />
         <Option compiler="gcc" />
         <Compiler>
         </Compiler>
         <MakeCommands>
            <Build command="/usr/bin/make -f &quot;/home/nikita/Scripting/quadcopter/Quadcopter/Makefile&quot; Quadcopter_" />
            <CompileFile command="/usr/bin/make -f &quot;/home/nikita/Scripting/quadcopter/Quadcopter/Makefile&quot; &quot;$file&quot;" />
            <Clean command="/usr/bin/make -f &quot;/home/nikita/Scripting/quadcopter/Quadcopter/Makefile&quot; clean" />
            <DistClean command="/usr/bin/make -f &quot;/home/nikita/Scripting/quadcopter/Quadcopter/Makefile&quot; clean" />
         </MakeCommands>
      </Target>
      <Target title="Quadcopter_/fast">
         <Option output="/home/nikita/Scripting/quadcopter/Quadcopter/build/Quadcopter_" prefix_auto="0" extension_auto="0" />
         <Option working_dir="build/" />
         <Option object_output="./" />
         <Option type="1" />
         <Option compiler="gcc" />
         <Compiler>
         </Compiler>
         <MakeCommands>
            <Build command="/usr/bin/make -f &quot;/home/nikita/Scripting/quadcopter/Quadcopter/Makefile&quot; Quadcopter_/fast" />
            <CompileFile command="/usr/bin/make -f &quot;/home/nikita/Scripting/quadcopter/Quadcopter/Makefile&quot; &quot;$file&quot;" />
            <Clean command="/usr/bin/make -f &quot;/home/nikita/Scripting/quadcopter/Quadcopter/Makefile&quot; clean" />
            <DistClean command="/usr/bin/make -f &quot;/home/nikita/Scripting/quadcopter/Quadcopter/Makefile&quot; clean" />
         </MakeCommands>
      </Target>
      <Target title="rebuild_cache">
         <Option working_dir="/home/nikita/Scripting/quadcopter/Quadcopter" />
         <Option type="4" />
         <MakeCommands>
            <Build command="/usr/bin/make -f &quot;/home/nikita/Scripting/quadcopter/Quadcopter/Makefile&quot; rebuild_cache" />
            <CompileFile command="/usr/bin/make -f &quot;/home/nikita/Scripting/quadcopter/Quadcopter/Makefile&quot; &quot;$file&quot;" />
            <Clean command="/usr/bin/make -f &quot;/home/nikita/Scripting/quadcopter/Quadcopter/Makefile&quot; clean" />
            <DistClean command="/usr/bin/make -f &quot;/home/nikita/Scripting/quadcopter/Quadcopter/Makefile&quot; clean" />
         </MakeCommands>
      </Target>
      </Build>
      <Unit filename="/home/nikita/Scripting/quadcopter/Quadcopter/src/BMP/Adafruit_BMP085.cpp">
      </Unit>
      <Unit filename="/home/nikita/Scripting/quadcopter/Quadcopter/src/PID.cpp">
      </Unit>
      <Unit filename="/home/nikita/Scripting/quadcopter/Quadcopter/src/RTIMULib/CMakeFiles/CompilerIdC/CMakeCCompilerId.c">
      </Unit>
      <Unit filename="/home/nikita/Scripting/quadcopter/Quadcopter/src/RTIMULib/CMakeFiles/CompilerIdCXX/CMakeCXXCompilerId.cpp">
      </Unit>
      <Unit filename="/home/nikita/Scripting/quadcopter/Quadcopter/src/RTIMULib/RTFusion.cpp">
      </Unit>
      <Unit filename="/home/nikita/Scripting/quadcopter/Quadcopter/src/RTIMULib/RTFusionKalman4.cpp">
      </Unit>
      <Unit filename="/home/nikita/Scripting/quadcopter/Quadcopter/src/RTIMULib/RTFusionRTQF.cpp">
      </Unit>
      <Unit filename="/home/nikita/Scripting/quadcopter/Quadcopter/src/RTIMULib/RTIMU.cpp">
      </Unit>
      <Unit filename="/home/nikita/Scripting/quadcopter/Quadcopter/src/RTIMULib/RTIMUHal.cpp">
      </Unit>
      <Unit filename="/home/nikita/Scripting/quadcopter/Quadcopter/src/RTIMULib/RTIMUMPU6050HMC5883L.cpp">
      </Unit>
      <Unit filename="/home/nikita/Scripting/quadcopter/Quadcopter/src/RTIMULib/RTIMUNull.cpp">
      </Unit>
      <Unit filename="/home/nikita/Scripting/quadcopter/Quadcopter/src/RTIMULib/RTIMUSettings.cpp">
      </Unit>
      <Unit filename="/home/nikita/Scripting/quadcopter/Quadcopter/src/RTIMULib/RTMath.cpp">
      </Unit>
      <Unit filename="/home/nikita/Scripting/quadcopter/Quadcopter/src/autopilot.c">
      </Unit>
      <Unit filename="/home/nikita/Scripting/quadcopter/Quadcopter/src/autopilot_global_functions.c">
      </Unit>
      <Unit filename="/home/nikita/Scripting/quadcopter/Quadcopter/src/data_logger.c">
      </Unit>
      <Unit filename="/home/nikita/Scripting/quadcopter/Quadcopter/src/global_functions.c">
      </Unit>
      <Unit filename="/home/nikita/Scripting/quadcopter/Quadcopter/src/inter-thread-messages.c">
      </Unit>
      <Unit filename="/home/nikita/Scripting/quadcopter/Quadcopter/src/mavlink/examples/linux/mavlink_udp.c">
      </Unit>
      <Unit filename="/home/nikita/Scripting/quadcopter/Quadcopter/src/mavlink/missionlib/mavlink_parameters.c">
      </Unit>
      <Unit filename="/home/nikita/Scripting/quadcopter/Quadcopter/src/mavlink/missionlib/testing/main.c">
      </Unit>
      <Unit filename="/home/nikita/Scripting/quadcopter/Quadcopter/src/mavlink/missionlib/waypoints.c">
      </Unit>
      <Unit filename="/home/nikita/Scripting/quadcopter/Quadcopter/src/mavlink/pymavlink/generator/C/test/posix/testmav.c">
      </Unit>
      <Unit filename="/home/nikita/Scripting/quadcopter/Quadcopter/src/mavlink/pymavlink/generator/C/test/windows/stdafx.cpp">
      </Unit>
      <Unit filename="/home/nikita/Scripting/quadcopter/Quadcopter/src/mavlink/pymavlink/generator/C/test/windows/testmav.cpp">
      </Unit>
      <Unit filename="/home/nikita/Scripting/quadcopter/Quadcopter/src/osd.c">
      </Unit>
      <Unit filename="/home/nikita/Scripting/quadcopter/Quadcopter/src/pilot.c">
      </Unit>
      <Unit filename="/home/nikita/Scripting/quadcopter/Quadcopter/src/quadcopter.c">
      </Unit>
      <Unit filename="/home/nikita/Scripting/quadcopter/Quadcopter/src/reader.c">
      </Unit>
      <Unit filename="/home/nikita/Scripting/quadcopter/Quadcopter/src/reader_global_functions.c">
      </Unit>
      <Unit filename="/home/nikita/Scripting/quadcopter/Quadcopter/src/BMP/Adafruit_BMP085.h">
      </Unit>
      <Unit filename="/home/nikita/Scripting/quadcopter/Quadcopter/src/BMP/README.txt">
      </Unit>
      <Unit filename="/home/nikita/Scripting/quadcopter/Quadcopter/src/BMP/examples/BMP085test/BMP085test.ino">
      </Unit>
      <Unit filename="/home/nikita/Scripting/quadcopter/Quadcopter/src/Inter thread messages.cbp">
      </Unit>
      <Unit filename="/home/nikita/Scripting/quadcopter/Quadcopter/src/Makefile">
      </Unit>
      <Unit filename="/home/nikita/Scripting/quadcopter/Quadcopter/src/PID.h">
      </Unit>
      <Unit filename="/home/nikita/Scripting/quadcopter/Quadcopter/src/Quadcopter.cbp">
      </Unit>
      <Unit filename="/home/nikita/Scripting/quadcopter/Quadcopter/src/Quadcopter.depend">
      </Unit>
      <Unit filename="/home/nikita/Scripting/quadcopter/Quadcopter/src/Quadcopter.layout">
      </Unit>
      <Unit filename="/home/nikita/Scripting/quadcopter/Quadcopter/src/RTIMULib/CMakeCache.txt">
      </Unit>
      <Unit filename="/home/nikita/Scripting/quadcopter/Quadcopter/src/RTIMULib/CMakeFiles/CMakeCCompiler.cmake">
      </Unit>
      <Unit filename="/home/nikita/Scripting/quadcopter/Quadcopter/src/RTIMULib/CMakeFiles/CMakeCXXCompiler.cmake">
      </Unit>
      <Unit filename="/home/nikita/Scripting/quadcopter/Quadcopter/src/RTIMULib/CMakeFiles/CMakeDetermineCompilerABI_C.bin">
      </Unit>
      <Unit filename="/home/nikita/Scripting/quadcopter/Quadcopter/src/RTIMULib/CMakeFiles/CMakeDetermineCompilerABI_CXX.bin">
      </Unit>
      <Unit filename="/home/nikita/Scripting/quadcopter/Quadcopter/src/RTIMULib/CMakeFiles/CMakeDirectoryInformation.cmake">
      </Unit>
      <Unit filename="/home/nikita/Scripting/quadcopter/Quadcopter/src/RTIMULib/CMakeFiles/CMakeOutput.log">
      </Unit>
      <Unit filename="/home/nikita/Scripting/quadcopter/Quadcopter/src/RTIMULib/CMakeFiles/CMakeSystem.cmake">
      </Unit>
      <Unit filename="/home/nikita/Scripting/quadcopter/Quadcopter/src/RTIMULib/CMakeFiles/CompilerIdC/a.out">
      </Unit>
      <Unit filename="/home/nikita/Scripting/quadcopter/Quadcopter/src/RTIMULib/CMakeFiles/CompilerIdCXX/a.out">
      </Unit>
      <Unit filename="/home/nikita/Scripting/quadcopter/Quadcopter/src/RTIMULib/CMakeFiles/IMULib.dir/CXX.includecache">
      </Unit>
      <Unit filename="/home/nikita/Scripting/quadcopter/Quadcopter/src/RTIMULib/CMakeFiles/IMULib.dir/DependInfo.cmake">
      </Unit>
      <Unit filename="/home/nikita/Scripting/quadcopter/Quadcopter/src/RTIMULib/CMakeFiles/IMULib.dir/RTFusion.cpp.o">
      </Unit>
      <Unit filename="/home/nikita/Scripting/quadcopter/Quadcopter/src/RTIMULib/CMakeFiles/IMULib.dir/RTFusionKalman4.cpp.o">
      </Unit>
      <Unit filename="/home/nikita/Scripting/quadcopter/Quadcopter/src/RTIMULib/CMakeFiles/IMULib.dir/RTFusionRTQF.cpp.o">
      </Unit>
      <Unit filename="/home/nikita/Scripting/quadcopter/Quadcopter/src/RTIMULib/CMakeFiles/IMULib.dir/RTIMU.cpp.o">
      </Unit>
      <Unit filename="/home/nikita/Scripting/quadcopter/Quadcopter/src/RTIMULib/CMakeFiles/IMULib.dir/RTIMUHal.cpp.o">
      </Unit>
      <Unit filename="/home/nikita/Scripting/quadcopter/Quadcopter/src/RTIMULib/CMakeFiles/IMULib.dir/RTIMUMPU6050HMC5883L.cpp.o">
      </Unit>
      <Unit filename="/home/nikita/Scripting/quadcopter/Quadcopter/src/RTIMULib/CMakeFiles/IMULib.dir/RTIMUNull.cpp.o">
      </Unit>
      <Unit filename="/home/nikita/Scripting/quadcopter/Quadcopter/src/RTIMULib/CMakeFiles/IMULib.dir/RTIMUSettings.cpp.o">
      </Unit>
      <Unit filename="/home/nikita/Scripting/quadcopter/Quadcopter/src/RTIMULib/CMakeFiles/IMULib.dir/RTMath.cpp.o">
      </Unit>
      <Unit filename="/home/nikita/Scripting/quadcopter/Quadcopter/src/RTIMULib/CMakeFiles/IMULib.dir/build.make">
      </Unit>
      <Unit filename="/home/nikita/Scripting/quadcopter/Quadcopter/src/RTIMULib/CMakeFiles/IMULib.dir/cmake_clean.cmake">
      </Unit>
      <Unit filename="/home/nikita/Scripting/quadcopter/Quadcopter/src/RTIMULib/CMakeFiles/IMULib.dir/cmake_clean_target.cmake">
      </Unit>
      <Unit filename="/home/nikita/Scripting/quadcopter/Quadcopter/src/RTIMULib/CMakeFiles/IMULib.dir/depend.internal">
      </Unit>
      <Unit filename="/home/nikita/Scripting/quadcopter/Quadcopter/src/RTIMULib/CMakeFiles/IMULib.dir/depend.make">
      </Unit>
      <Unit filename="/home/nikita/Scripting/quadcopter/Quadcopter/src/RTIMULib/CMakeFiles/IMULib.dir/flags.make">
      </Unit>
      <Unit filename="/home/nikita/Scripting/quadcopter/Quadcopter/src/RTIMULib/CMakeFiles/IMULib.dir/link.txt">
      </Unit>
      <Unit filename="/home/nikita/Scripting/quadcopter/Quadcopter/src/RTIMULib/CMakeFiles/IMULib.dir/progress.make">
      </Unit>
      <Unit filename="/home/nikita/Scripting/quadcopter/Quadcopter/src/RTIMULib/CMakeFiles/IMU_exec.dir/CXX.includecache">
      </Unit>
      <Unit filename="/home/nikita/Scripting/quadcopter/Quadcopter/src/RTIMULib/CMakeFiles/IMU_exec.dir/DependInfo.cmake">
      </Unit>
      <Unit filename="/home/nikita/Scripting/quadcopter/Quadcopter/src/RTIMULib/CMakeFiles/IMU_exec.dir/RTFusion.cpp.o">
      </Unit>
      <Unit filename="/home/nikita/Scripting/quadcopter/Quadcopter/src/RTIMULib/CMakeFiles/IMU_exec.dir/RTFusionKalman4.cpp.o">
      </Unit>
      <Unit filename="/home/nikita/Scripting/quadcopter/Quadcopter/src/RTIMULib/CMakeFiles/IMU_exec.dir/RTFusionRTQF.cpp.o">
      </Unit>
      <Unit filename="/home/nikita/Scripting/quadcopter/Quadcopter/src/RTIMULib/CMakeFiles/IMU_exec.dir/RTIMU.cpp.o">
      </Unit>
      <Unit filename="/home/nikita/Scripting/quadcopter/Quadcopter/src/RTIMULib/CMakeFiles/IMU_exec.dir/RTIMUHal.cpp.o">
      </Unit>
      <Unit filename="/home/nikita/Scripting/quadcopter/Quadcopter/src/RTIMULib/CMakeFiles/IMU_exec.dir/RTIMUMPU6050HMC5883L.cpp.o">
      </Unit>
      <Unit filename="/home/nikita/Scripting/quadcopter/Quadcopter/src/RTIMULib/CMakeFiles/IMU_exec.dir/RTIMUNull.cpp.o">
      </Unit>
      <Unit filename="/home/nikita/Scripting/quadcopter/Quadcopter/src/RTIMULib/CMakeFiles/IMU_exec.dir/RTIMUSettings.cpp.o">
      </Unit>
      <Unit filename="/home/nikita/Scripting/quadcopter/Quadcopter/src/RTIMULib/CMakeFiles/IMU_exec.dir/RTMath.cpp.o">
      </Unit>
      <Unit filename="/home/nikita/Scripting/quadcopter/Quadcopter/src/RTIMULib/CMakeFiles/IMU_exec.dir/build.make">
      </Unit>
      <Unit filename="/home/nikita/Scripting/quadcopter/Quadcopter/src/RTIMULib/CMakeFiles/IMU_exec.dir/cmake_clean.cmake">
      </Unit>
      <Unit filename="/home/nikita/Scripting/quadcopter/Quadcopter/src/RTIMULib/CMakeFiles/IMU_exec.dir/depend.internal">
      </Unit>
      <Unit filename="/home/nikita/Scripting/quadcopter/Quadcopter/src/RTIMULib/CMakeFiles/IMU_exec.dir/depend.make">
      </Unit>
      <Unit filename="/home/nikita/Scripting/quadcopter/Quadcopter/src/RTIMULib/CMakeFiles/IMU_exec.dir/flags.make">
      </Unit>
      <Unit filename="/home/nikita/Scripting/quadcopter/Quadcopter/src/RTIMULib/CMakeFiles/IMU_exec.dir/link.txt">
      </Unit>
      <Unit filename="/home/nikita/Scripting/quadcopter/Quadcopter/src/RTIMULib/CMakeFiles/IMU_exec.dir/progress.make">
      </Unit>
      <Unit filename="/home/nikita/Scripting/quadcopter/Quadcopter/src/RTIMULib/CMakeFiles/Makefile.cmake">
      </Unit>
      <Unit filename="/home/nikita/Scripting/quadcopter/Quadcopter/src/RTIMULib/CMakeFiles/Makefile2">
      </Unit>
      <Unit filename="/home/nikita/Scripting/quadcopter/Quadcopter/src/RTIMULib/CMakeFiles/QuadcopterLib.dir/C.includecache">
      </Unit>
      <Unit filename="/home/nikita/Scripting/quadcopter/Quadcopter/src/RTIMULib/CMakeFiles/QuadcopterLib.dir/DependInfo.cmake">
      </Unit>
      <Unit filename="/home/nikita/Scripting/quadcopter/Quadcopter/src/RTIMULib/CMakeFiles/QuadcopterLib.dir/build.make">
      </Unit>
      <Unit filename="/home/nikita/Scripting/quadcopter/Quadcopter/src/RTIMULib/CMakeFiles/QuadcopterLib.dir/cmake_clean.cmake">
      </Unit>
      <Unit filename="/home/nikita/Scripting/quadcopter/Quadcopter/src/RTIMULib/CMakeFiles/QuadcopterLib.dir/cmake_clean_target.cmake">
      </Unit>
      <Unit filename="/home/nikita/Scripting/quadcopter/Quadcopter/src/RTIMULib/CMakeFiles/QuadcopterLib.dir/depend.internal">
      </Unit>
      <Unit filename="/home/nikita/Scripting/quadcopter/Quadcopter/src/RTIMULib/CMakeFiles/QuadcopterLib.dir/depend.make">
      </Unit>
      <Unit filename="/home/nikita/Scripting/quadcopter/Quadcopter/src/RTIMULib/CMakeFiles/QuadcopterLib.dir/flags.make">
      </Unit>
      <Unit filename="/home/nikita/Scripting/quadcopter/Quadcopter/src/RTIMULib/CMakeFiles/QuadcopterLib.dir/link.txt">
      </Unit>
      <Unit filename="/home/nikita/Scripting/quadcopter/Quadcopter/src/RTIMULib/CMakeFiles/QuadcopterLib.dir/progress.make">
      </Unit>
      <Unit filename="/home/nikita/Scripting/quadcopter/Quadcopter/src/RTIMULib/CMakeFiles/TargetDirectories.txt">
      </Unit>
      <Unit filename="/home/nikita/Scripting/quadcopter/Quadcopter/src/RTIMULib/CMakeFiles/cmake.check_cache">
      </Unit>
      <Unit filename="/home/nikita/Scripting/quadcopter/Quadcopter/src/RTIMULib/CMakeFiles/progress.marks">
      </Unit>
      <Unit filename="/home/nikita/Scripting/quadcopter/Quadcopter/src/RTIMULib/CMakeFiles/quadcopter_exec.dir/DependInfo.cmake">
      </Unit>
      <Unit filename="/home/nikita/Scripting/quadcopter/Quadcopter/src/RTIMULib/CMakeFiles/quadcopter_exec.dir/build.make">
      </Unit>
      <Unit filename="/home/nikita/Scripting/quadcopter/Quadcopter/src/RTIMULib/CMakeFiles/quadcopter_exec.dir/cmake_clean.cmake">
      </Unit>
      <Unit filename="/home/nikita/Scripting/quadcopter/Quadcopter/src/RTIMULib/CMakeFiles/quadcopter_exec.dir/depend.make">
      </Unit>
      <Unit filename="/home/nikita/Scripting/quadcopter/Quadcopter/src/RTIMULib/CMakeFiles/quadcopter_exec.dir/flags.make">
      </Unit>
      <Unit filename="/home/nikita/Scripting/quadcopter/Quadcopter/src/RTIMULib/CMakeFiles/quadcopter_exec.dir/link.txt">
      </Unit>
      <Unit filename="/home/nikita/Scripting/quadcopter/Quadcopter/src/RTIMULib/CMakeFiles/quadcopter_exec.dir/progress.make">
      </Unit>
      <Unit filename="/home/nikita/Scripting/quadcopter/Quadcopter/src/RTIMULib/CMakeLists.txt">
      </Unit>
      <Unit filename="/home/nikita/Scripting/quadcopter/Quadcopter/src/RTIMULib/CMakeLists.txt~">
      </Unit>
      <Unit filename="/home/nikita/Scripting/quadcopter/Quadcopter/src/RTIMULib/Makefile">
      </Unit>
      <Unit filename="/home/nikita/Scripting/quadcopter/Quadcopter/src/RTIMULib/RTFusion.h">
      </Unit>
      <Unit filename="/home/nikita/Scripting/quadcopter/Quadcopter/src/RTIMULib/RTFusionKalman4.h">
      </Unit>
      <Unit filename="/home/nikita/Scripting/quadcopter/Quadcopter/src/RTIMULib/RTFusionRTQF.h">
      </Unit>
      <Unit filename="/home/nikita/Scripting/quadcopter/Quadcopter/src/RTIMULib/RTIMU.h">
      </Unit>
      <Unit filename="/home/nikita/Scripting/quadcopter/Quadcopter/src/RTIMULib/RTIMUHal.h">
      </Unit>
      <Unit filename="/home/nikita/Scripting/quadcopter/Quadcopter/src/RTIMULib/RTIMULib.h">
      </Unit>
      <Unit filename="/home/nikita/Scripting/quadcopter/Quadcopter/src/RTIMULib/RTIMULib.pri">
      </Unit>
      <Unit filename="/home/nikita/Scripting/quadcopter/Quadcopter/src/RTIMULib/RTIMULib/CMakeFiles/CMakeDirectoryInformation.cmake">
      </Unit>
      <Unit filename="/home/nikita/Scripting/quadcopter/Quadcopter/src/RTIMULib/RTIMULib/CMakeFiles/IMULib.dir/DependInfo.cmake">
      </Unit>
      <Unit filename="/home/nikita/Scripting/quadcopter/Quadcopter/src/RTIMULib/RTIMULib/CMakeFiles/IMULib.dir/build.make">
      </Unit>
      <Unit filename="/home/nikita/Scripting/quadcopter/Quadcopter/src/RTIMULib/RTIMULib/CMakeFiles/IMULib.dir/cmake_clean.cmake">
      </Unit>
      <Unit filename="/home/nikita/Scripting/quadcopter/Quadcopter/src/RTIMULib/RTIMULib/CMakeFiles/IMULib.dir/cmake_clean_target.cmake">
      </Unit>
      <Unit filename="/home/nikita/Scripting/quadcopter/Quadcopter/src/RTIMULib/RTIMULib/CMakeFiles/IMULib.dir/depend.make">
      </Unit>
      <Unit filename="/home/nikita/Scripting/quadcopter/Quadcopter/src/RTIMULib/RTIMULib/CMakeFiles/IMULib.dir/flags.make">
      </Unit>
      <Unit filename="/home/nikita/Scripting/quadcopter/Quadcopter/src/RTIMULib/RTIMULib/CMakeFiles/IMULib.dir/link.txt">
      </Unit>
      <Unit filename="/home/nikita/Scripting/quadcopter/Quadcopter/src/RTIMULib/RTIMULib/CMakeFiles/IMULib.dir/progress.make">
      </Unit>
      <Unit filename="/home/nikita/Scripting/quadcopter/Quadcopter/src/RTIMULib/RTIMULib/CMakeFiles/progress.marks">
      </Unit>
      <Unit filename="/home/nikita/Scripting/quadcopter/Quadcopter/src/RTIMULib/RTIMULib/Makefile">
      </Unit>
      <Unit filename="/home/nikita/Scripting/quadcopter/Quadcopter/src/RTIMULib/RTIMULib/cmake_install.cmake">
      </Unit>
      <Unit filename="/home/nikita/Scripting/quadcopter/Quadcopter/src/RTIMULib/RTIMULibDefs.h">
      </Unit>
      <Unit filename="/home/nikita/Scripting/quadcopter/Quadcopter/src/RTIMULib/RTIMUMPU6050HMC5883L.h">
      </Unit>
      <Unit filename="/home/nikita/Scripting/quadcopter/Quadcopter/src/RTIMULib/RTIMUNull.h">
      </Unit>
      <Unit filename="/home/nikita/Scripting/quadcopter/Quadcopter/src/RTIMULib/RTIMUSettings.h">
      </Unit>
      <Unit filename="/home/nikita/Scripting/quadcopter/Quadcopter/src/RTIMULib/RTMath.h">
      </Unit>
      <Unit filename="/home/nikita/Scripting/quadcopter/Quadcopter/src/RTIMULib/cmake_install.cmake">
      </Unit>
      <Unit filename="/home/nikita/Scripting/quadcopter/Quadcopter/src/RTIMULib/libIMULib.a">
      </Unit>
      <Unit filename="/home/nikita/Scripting/quadcopter/Quadcopter/src/autopilot.c.save">
      </Unit>
      <Unit filename="/home/nikita/Scripting/quadcopter/Quadcopter/src/autopilot.h">
      </Unit>
      <Unit filename="/home/nikita/Scripting/quadcopter/Quadcopter/src/autopilot.h.save">
      </Unit>
      <Unit filename="/home/nikita/Scripting/quadcopter/Quadcopter/src/autopilot_global_functions.h">
      </Unit>
      <Unit filename="/home/nikita/Scripting/quadcopter/Quadcopter/src/autopilot_global_variables.h">
      </Unit>
      <Unit filename="/home/nikita/Scripting/quadcopter/Quadcopter/src/autopilot_global_variables.h.save">
      </Unit>
      <Unit filename="/home/nikita/Scripting/quadcopter/Quadcopter/src/data_logger.h">
      </Unit>
      <Unit filename="/home/nikita/Scripting/quadcopter/Quadcopter/src/data_logger_global_variables.h">
      </Unit>
      <Unit filename="/home/nikita/Scripting/quadcopter/Quadcopter/src/global_functions.h">
      </Unit>
      <Unit filename="/home/nikita/Scripting/quadcopter/Quadcopter/src/global_functions.h.save">
      </Unit>
      <Unit filename="/home/nikita/Scripting/quadcopter/Quadcopter/src/imu.h">
      </Unit>
      <Unit filename="/home/nikita/Scripting/quadcopter/Quadcopter/src/imu_globals_variables.h">
      </Unit>
      <Unit filename="/home/nikita/Scripting/quadcopter/Quadcopter/src/inter-thread-messages.h">
      </Unit>
      <Unit filename="/home/nikita/Scripting/quadcopter/Quadcopter/src/mavlink/.git/COMMIT_EDITMSG">
      </Unit>
      <Unit filename="/home/nikita/Scripting/quadcopter/Quadcopter/src/mavlink/.git/HEAD">
      </Unit>
      <Unit filename="/home/nikita/Scripting/quadcopter/Quadcopter/src/mavlink/.git/config">
      </Unit>
      <Unit filename="/home/nikita/Scripting/quadcopter/Quadcopter/src/mavlink/.git/description">
      </Unit>
      <Unit filename="/home/nikita/Scripting/quadcopter/Quadcopter/src/mavlink/.git/hooks/applypatch-msg.sample">
      </Unit>
      <Unit filename="/home/nikita/Scripting/quadcopter/Quadcopter/src/mavlink/.git/hooks/commit-msg.sample">
      </Unit>
      <Unit filename="/home/nikita/Scripting/quadcopter/Quadcopter/src/mavlink/.git/hooks/post-update.sample">
      </Unit>
      <Unit filename="/home/nikita/Scripting/quadcopter/Quadcopter/src/mavlink/.git/hooks/pre-applypatch.sample">
      </Unit>
      <Unit filename="/home/nikita/Scripting/quadcopter/Quadcopter/src/mavlink/.git/hooks/pre-commit.sample">
      </Unit>
      <Unit filename="/home/nikita/Scripting/quadcopter/Quadcopter/src/mavlink/.git/hooks/pre-rebase.sample">
      </Unit>
      <Unit filename="/home/nikita/Scripting/quadcopter/Quadcopter/src/mavlink/.git/hooks/prepare-commit-msg.sample">
      </Unit>
      <Unit filename="/home/nikita/Scripting/quadcopter/Quadcopter/src/mavlink/.git/hooks/update.sample">
      </Unit>
      <Unit filename="/home/nikita/Scripting/quadcopter/Quadcopter/src/mavlink/.git/index">
      </Unit>
      <Unit filename="/home/nikita/Scripting/quadcopter/Quadcopter/src/mavlink/.git/info/exclude">
      </Unit>
      <Unit filename="/home/nikita/Scripting/quadcopter/Quadcopter/src/mavlink/.git/logs/HEAD">
      </Unit>
      <Unit filename="/home/nikita/Scripting/quadcopter/Quadcopter/src/mavlink/.git/logs/refs/heads/master">
      </Unit>
      <Unit filename="/home/nikita/Scripting/quadcopter/Quadcopter/src/mavlink/.git/logs/refs/remotes/origin/HEAD">
      </Unit>
      <Unit filename="/home/nikita/Scripting/quadcopter/Quadcopter/src/mavlink/.git/objects/pack/pack-5d739798117f6945fdc4c9a6b1882f55722645f3.idx">
      </Unit>
      <Unit filename="/home/nikita/Scripting/quadcopter/Quadcopter/src/mavlink/.git/objects/pack/pack-5d739798117f6945fdc4c9a6b1882f55722645f3.pack">
      </Unit>
      <Unit filename="/home/nikita/Scripting/quadcopter/Quadcopter/src/mavlink/.git/packed-refs">
      </Unit>
      <Unit filename="/home/nikita/Scripting/quadcopter/Quadcopter/src/mavlink/.git/refs/heads/master">
      </Unit>
      <Unit filename="/home/nikita/Scripting/quadcopter/Quadcopter/src/mavlink/.git/refs/remotes/origin/HEAD">
      </Unit>
      <Unit filename="/home/nikita/Scripting/quadcopter/Quadcopter/src/mavlink/.gitignore">
      </Unit>
      <Unit filename="/home/nikita/Scripting/quadcopter/Quadcopter/src/mavlink/.gitmodules">
      </Unit>
      <Unit filename="/home/nikita/Scripting/quadcopter/Quadcopter/src/mavlink/.travis.yml">
      </Unit>
      <Unit filename="/home/nikita/Scripting/quadcopter/Quadcopter/src/mavlink/CMakeLists.txt">
      </Unit>
      <Unit filename="/home/nikita/Scripting/quadcopter/Quadcopter/src/mavlink/COPYING">
      </Unit>
      <Unit filename="/home/nikita/Scripting/quadcopter/Quadcopter/src/mavlink/README.md">
      </Unit>
      <Unit filename="/home/nikita/Scripting/quadcopter/Quadcopter/src/mavlink/cmake/.gitignore">
      </Unit>
      <Unit filename="/home/nikita/Scripting/quadcopter/Quadcopter/src/mavlink/cmake/WELCOME.txt">
      </Unit>
      <Unit filename="/home/nikita/Scripting/quadcopter/Quadcopter/src/mavlink/cmake/arkcmake/DefineCMakeDefaults.cmake">
      </Unit>
      <Unit filename="/home/nikita/Scripting/quadcopter/Quadcopter/src/mavlink/cmake/arkcmake/DefineCompilerFlags.cmake">
      </Unit>
      <Unit filename="/home/nikita/Scripting/quadcopter/Quadcopter/src/mavlink/cmake/arkcmake/ExternalProjectWithFilename.cmake">
      </Unit>
      <Unit filename="/home/nikita/Scripting/quadcopter/Quadcopter/src/mavlink/cmake/arkcmake/MacroCheckCCompilerFlagSSP.cmake">
      </Unit>
      <Unit filename="/home/nikita/Scripting/quadcopter/Quadcopter/src/mavlink/cmake/arkcmake/MacroEnsureOutOfSourceBuild.cmake">
      </Unit>
      <Unit filename="/home/nikita/Scripting/quadcopter/Quadcopter/src/mavlink/cmake/arkcmake/updateArkcmake.py">
      </Unit>
      <Unit filename="/home/nikita/Scripting/quadcopter/Quadcopter/src/mavlink/cmake/mavlink.bmp">
      </Unit>
      <Unit filename="/home/nikita/Scripting/quadcopter/Quadcopter/src/mavlink/cmake/mavlink.png">
      </Unit>
      <Unit filename="/home/nikita/Scripting/quadcopter/Quadcopter/src/mavlink/config.h.in">
      </Unit>
      <Unit filename="/home/nikita/Scripting/quadcopter/Quadcopter/src/mavlink/doc/Doxyfile">
      </Unit>
      <Unit filename="/home/nikita/Scripting/quadcopter/Quadcopter/src/mavlink/doc/README">
      </Unit>
      <Unit filename="/home/nikita/Scripting/quadcopter/Quadcopter/src/mavlink/doc/mavlink.css">
      </Unit>
      <Unit filename="/home/nikita/Scripting/quadcopter/Quadcopter/src/mavlink/doc/mavlink.php">
      </Unit>
      <Unit filename="/home/nikita/Scripting/quadcopter/Quadcopter/src/mavlink/doc/mavlink_to_html_table.xsl">
      </Unit>
      <Unit filename="/home/nikita/Scripting/quadcopter/Quadcopter/src/mavlink/examples/linux/.gitignore">
      </Unit>
      <Unit filename="/home/nikita/Scripting/quadcopter/Quadcopter/src/mavlink/examples/linux/README">
      </Unit>
      <Unit filename="/home/nikita/Scripting/quadcopter/Quadcopter/src/mavlink/mavgenerate.py">
      </Unit>
      <Unit filename="/home/nikita/Scripting/quadcopter/Quadcopter/src/mavlink/message_definitions/v0.9/ardupilotmega.xml">
      </Unit>
      <Unit filename="/home/nikita/Scripting/quadcopter/Quadcopter/src/mavlink/message_definitions/v0.9/common.xml">
      </Unit>
      <Unit filename="/home/nikita/Scripting/quadcopter/Quadcopter/src/mavlink/message_definitions/v0.9/minimal.xml">
      </Unit>
      <Unit filename="/home/nikita/Scripting/quadcopter/Quadcopter/src/mavlink/message_definitions/v0.9/pixhawk.xml">
      </Unit>
      <Unit filename="/home/nikita/Scripting/quadcopter/Quadcopter/src/mavlink/message_definitions/v0.9/slugs.xml">
      </Unit>
      <Unit filename="/home/nikita/Scripting/quadcopter/Quadcopter/src/mavlink/message_definitions/v0.9/test.xml">
      </Unit>
      <Unit filename="/home/nikita/Scripting/quadcopter/Quadcopter/src/mavlink/message_definitions/v0.9/ualberta.xml">
      </Unit>
      <Unit filename="/home/nikita/Scripting/quadcopter/Quadcopter/src/mavlink/message_definitions/v1.0/ASLUAV.xml">
      </Unit>
      <Unit filename="/home/nikita/Scripting/quadcopter/Quadcopter/src/mavlink/message_definitions/v1.0/ardupilotmega.xml">
      </Unit>
      <Unit filename="/home/nikita/Scripting/quadcopter/Quadcopter/src/mavlink/message_definitions/v1.0/autoquad.xml">
      </Unit>
      <Unit filename="/home/nikita/Scripting/quadcopter/Quadcopter/src/mavlink/message_definitions/v1.0/common.xml">
      </Unit>
      <Unit filename="/home/nikita/Scripting/quadcopter/Quadcopter/src/mavlink/message_definitions/v1.0/matrixpilot.xml">
      </Unit>
      <Unit filename="/home/nikita/Scripting/quadcopter/Quadcopter/src/mavlink/message_definitions/v1.0/minimal.xml">
      </Unit>
      <Unit filename="/home/nikita/Scripting/quadcopter/Quadcopter/src/mavlink/message_definitions/v1.0/pixhawk.xml">
      </Unit>
      <Unit filename="/home/nikita/Scripting/quadcopter/Quadcopter/src/mavlink/message_definitions/v1.0/python_array_test.xml">
      </Unit>
      <Unit filename="/home/nikita/Scripting/quadcopter/Quadcopter/src/mavlink/message_definitions/v1.0/slugs.xml">
      </Unit>
      <Unit filename="/home/nikita/Scripting/quadcopter/Quadcopter/src/mavlink/message_definitions/v1.0/test.xml">
      </Unit>
      <Unit filename="/home/nikita/Scripting/quadcopter/Quadcopter/src/mavlink/message_definitions/v1.0/ualberta.xml">
      </Unit>
      <Unit filename="/home/nikita/Scripting/quadcopter/Quadcopter/src/mavlink/missionlib/mavlink_missionlib_data.h">
      </Unit>
      <Unit filename="/home/nikita/Scripting/quadcopter/Quadcopter/src/mavlink/missionlib/mavlink_parameters.h">
      </Unit>
      <Unit filename="/home/nikita/Scripting/quadcopter/Quadcopter/src/mavlink/missionlib/testing/.gitignore">
      </Unit>
      <Unit filename="/home/nikita/Scripting/quadcopter/Quadcopter/src/mavlink/missionlib/testing/Makefile">
      </Unit>
      <Unit filename="/home/nikita/Scripting/quadcopter/Quadcopter/src/mavlink/missionlib/testing/mavlink_missionlib_data.h">
      </Unit>
      <Unit filename="/home/nikita/Scripting/quadcopter/Quadcopter/src/mavlink/missionlib/testing/udptest.xcodeproj/project.pbxproj">
      </Unit>
      <Unit filename="/home/nikita/Scripting/quadcopter/Quadcopter/src/mavlink/missionlib/waypoints.h">
      </Unit>
      <Unit filename="/home/nikita/Scripting/quadcopter/Quadcopter/src/mavlink/pc.in">
      </Unit>
      <Unit filename="/home/nikita/Scripting/quadcopter/Quadcopter/src/mavlink/pymavlink/.gitignore">
      </Unit>
      <Unit filename="/home/nikita/Scripting/quadcopter/Quadcopter/src/mavlink/pymavlink/APM_Mavtest/APM_Mavtest.pde">
      </Unit>
      <Unit filename="/home/nikita/Scripting/quadcopter/Quadcopter/src/mavlink/pymavlink/APM_Mavtest/Makefile">
      </Unit>
      <Unit filename="/home/nikita/Scripting/quadcopter/Quadcopter/src/mavlink/pymavlink/DFReader.py">
      </Unit>
      <Unit filename="/home/nikita/Scripting/quadcopter/Quadcopter/src/mavlink/pymavlink/README.txt">
      </Unit>
      <Unit filename="/home/nikita/Scripting/quadcopter/Quadcopter/src/mavlink/pymavlink/__init__.py">
      </Unit>
      <Unit filename="/home/nikita/Scripting/quadcopter/Quadcopter/src/mavlink/pymavlink/dialects/__init__.py">
      </Unit>
      <Unit filename="/home/nikita/Scripting/quadcopter/Quadcopter/src/mavlink/pymavlink/dialects/v09/__init__.py">
      </Unit>
      <Unit filename="/home/nikita/Scripting/quadcopter/Quadcopter/src/mavlink/pymavlink/dialects/v10/__init__.py">
      </Unit>
      <Unit filename="/home/nikita/Scripting/quadcopter/Quadcopter/src/mavlink/pymavlink/examples/__init__.py">
      </Unit>
      <Unit filename="/home/nikita/Scripting/quadcopter/Quadcopter/src/mavlink/pymavlink/examples/apmsetrate.py">
      </Unit>
      <Unit filename="/home/nikita/Scripting/quadcopter/Quadcopter/src/mavlink/pymavlink/examples/bwtest.py">
      </Unit>
      <Unit filename="/home/nikita/Scripting/quadcopter/Quadcopter/src/mavlink/pymavlink/examples/magtest.py">
      </Unit>
      <Unit filename="/home/nikita/Scripting/quadcopter/Quadcopter/src/mavlink/pymavlink/examples/mav2pcap.py">
      </Unit>
      <Unit filename="/home/nikita/Scripting/quadcopter/Quadcopter/src/mavlink/pymavlink/examples/mav_accel.py">
      </Unit>
      <Unit filename="/home/nikita/Scripting/quadcopter/Quadcopter/src/mavlink/pymavlink/examples/mavgps.py">
      </Unit>
      <Unit filename="/home/nikita/Scripting/quadcopter/Quadcopter/src/mavlink/pymavlink/examples/mavtcpsniff.py">
      </Unit>
      <Unit filename="/home/nikita/Scripting/quadcopter/Quadcopter/src/mavlink/pymavlink/examples/mavtest.py">
      </Unit>
      <Unit filename="/home/nikita/Scripting/quadcopter/Quadcopter/src/mavlink/pymavlink/examples/mavtester.py">
      </Unit>
      <Unit filename="/home/nikita/Scripting/quadcopter/Quadcopter/src/mavlink/pymavlink/examples/wptogpx.py">
      </Unit>
      <Unit filename="/home/nikita/Scripting/quadcopter/Quadcopter/src/mavlink/pymavlink/fgFDM.py">
      </Unit>
      <Unit filename="/home/nikita/Scripting/quadcopter/Quadcopter/src/mavlink/pymavlink/files/archlinux/PKGBUILD">
      </Unit>
      <Unit filename="/home/nikita/Scripting/quadcopter/Quadcopter/src/mavlink/pymavlink/generator/.gitignore">
      </Unit>
      <Unit filename="/home/nikita/Scripting/quadcopter/Quadcopter/src/mavlink/pymavlink/generator/C/include_v0.9/checksum.h">
      </Unit>
      <Unit filename="/home/nikita/Scripting/quadcopter/Quadcopter/src/mavlink/pymavlink/generator/C/include_v0.9/mavlink_helpers.h">
      </Unit>
      <Unit filename="/home/nikita/Scripting/quadcopter/Quadcopter/src/mavlink/pymavlink/generator/C/include_v0.9/mavlink_types.h">
      </Unit>
      <Unit filename="/home/nikita/Scripting/quadcopter/Quadcopter/src/mavlink/pymavlink/generator/C/include_v0.9/protocol.h">
      </Unit>
      <Unit filename="/home/nikita/Scripting/quadcopter/Quadcopter/src/mavlink/pymavlink/generator/C/include_v0.9/test/mavlink.h">
      </Unit>
      <Unit filename="/home/nikita/Scripting/quadcopter/Quadcopter/src/mavlink/pymavlink/generator/C/include_v0.9/test/mavlink_msg_test_types.h">
      </Unit>
      <Unit filename="/home/nikita/Scripting/quadcopter/Quadcopter/src/mavlink/pymavlink/generator/C/include_v0.9/test/test.h">
      </Unit>
      <Unit filename="/home/nikita/Scripting/quadcopter/Quadcopter/src/mavlink/pymavlink/generator/C/include_v0.9/test/testsuite.h">
      </Unit>
      <Unit filename="/home/nikita/Scripting/quadcopter/Quadcopter/src/mavlink/pymavlink/generator/C/include_v0.9/test/version.h">
      </Unit>
      <Unit filename="/home/nikita/Scripting/quadcopter/Quadcopter/src/mavlink/pymavlink/generator/C/include_v1.0/checksum.h">
      </Unit>
      <Unit filename="/home/nikita/Scripting/quadcopter/Quadcopter/src/mavlink/pymavlink/generator/C/include_v1.0/mavlink_conversions.h">
      </Unit>
      <Unit filename="/home/nikita/Scripting/quadcopter/Quadcopter/src/mavlink/pymavlink/generator/C/include_v1.0/mavlink_helpers.h">
      </Unit>
      <Unit filename="/home/nikita/Scripting/quadcopter/Quadcopter/src/mavlink/pymavlink/generator/C/include_v1.0/mavlink_types.h">
      </Unit>
      <Unit filename="/home/nikita/Scripting/quadcopter/Quadcopter/src/mavlink/pymavlink/generator/C/include_v1.0/protocol.h">
      </Unit>
      <Unit filename="/home/nikita/Scripting/quadcopter/Quadcopter/src/mavlink/pymavlink/generator/C/include_v1.0/test/mavlink.h">
      </Unit>
      <Unit filename="/home/nikita/Scripting/quadcopter/Quadcopter/src/mavlink/pymavlink/generator/C/include_v1.0/test/mavlink_msg_test_types.h">
      </Unit>
      <Unit filename="/home/nikita/Scripting/quadcopter/Quadcopter/src/mavlink/pymavlink/generator/C/include_v1.0/test/test.h">
      </Unit>
      <Unit filename="/home/nikita/Scripting/quadcopter/Quadcopter/src/mavlink/pymavlink/generator/C/include_v1.0/test/testsuite.h">
      </Unit>
      <Unit filename="/home/nikita/Scripting/quadcopter/Quadcopter/src/mavlink/pymavlink/generator/C/include_v1.0/test/version.h">
      </Unit>
      <Unit filename="/home/nikita/Scripting/quadcopter/Quadcopter/src/mavlink/pymavlink/generator/C/test/posix/.gitignore">
      </Unit>
      <Unit filename="/home/nikita/Scripting/quadcopter/Quadcopter/src/mavlink/pymavlink/generator/C/test/posix/Makefile">
      </Unit>
      <Unit filename="/home/nikita/Scripting/quadcopter/Quadcopter/src/mavlink/pymavlink/generator/C/test/windows/stdafx.h">
      </Unit>
      <Unit filename="/home/nikita/Scripting/quadcopter/Quadcopter/src/mavlink/pymavlink/generator/C/test/windows/targetver.h">
      </Unit>
      <Unit filename="/home/nikita/Scripting/quadcopter/Quadcopter/src/mavlink/pymavlink/generator/C/test/windows/testmav.sln">
      </Unit>
      <Unit filename="/home/nikita/Scripting/quadcopter/Quadcopter/src/mavlink/pymavlink/generator/C/test/windows/testmav.suo">
      </Unit>
      <Unit filename="/home/nikita/Scripting/quadcopter/Quadcopter/src/mavlink/pymavlink/generator/C/test/windows/testmav.vcxproj">
      </Unit>
      <Unit filename="/home/nikita/Scripting/quadcopter/Quadcopter/src/mavlink/pymavlink/generator/CS/common/ByteArrayUtil.cs">
      </Unit>
      <Unit filename="/home/nikita/Scripting/quadcopter/Quadcopter/src/mavlink/pymavlink/generator/CS/common/FrameworkBitConverter.cs">
      </Unit>
      <Unit filename="/home/nikita/Scripting/quadcopter/Quadcopter/src/mavlink/pymavlink/generator/CS/common/Mavlink.cs">
      </Unit>
      <Unit filename="/home/nikita/Scripting/quadcopter/Quadcopter/src/mavlink/pymavlink/generator/__init__.py">
      </Unit>
      <Unit filename="/home/nikita/Scripting/quadcopter/Quadcopter/src/mavlink/pymavlink/generator/gen_all.py">
      </Unit>
      <Unit filename="/home/nikita/Scripting/quadcopter/Quadcopter/src/mavlink/pymavlink/generator/gen_all.sh">
      </Unit>
      <Unit filename="/home/nikita/Scripting/quadcopter/Quadcopter/src/mavlink/pymavlink/generator/gen_js.sh">
      </Unit>
      <Unit filename="/home/nikita/Scripting/quadcopter/Quadcopter/src/mavlink/pymavlink/generator/java/lib/Messages/MAVLinkMessage.java">
      </Unit>
      <Unit filename="/home/nikita/Scripting/quadcopter/Quadcopter/src/mavlink/pymavlink/generator/java/lib/Messages/MAVLinkPayload.java">
      </Unit>
      <Unit filename="/home/nikita/Scripting/quadcopter/Quadcopter/src/mavlink/pymavlink/generator/java/lib/Messages/MAVLinkStats.java">
      </Unit>
      <Unit filename="/home/nikita/Scripting/quadcopter/Quadcopter/src/mavlink/pymavlink/generator/java/lib/Parser.java">
      </Unit>
      <Unit filename="/home/nikita/Scripting/quadcopter/Quadcopter/src/mavlink/pymavlink/generator/javascript/.gitignore">
      </Unit>
      <Unit filename="/home/nikita/Scripting/quadcopter/Quadcopter/src/mavlink/pymavlink/generator/javascript/Makefile">
      </Unit>
      <Unit filename="/home/nikita/Scripting/quadcopter/Quadcopter/src/mavlink/pymavlink/generator/javascript/README.md">
      </Unit>
      <Unit filename="/home/nikita/Scripting/quadcopter/Quadcopter/src/mavlink/pymavlink/generator/javascript/package.json">
      </Unit>
      <Unit filename="/home/nikita/Scripting/quadcopter/Quadcopter/src/mavlink/pymavlink/generator/javascript/test/capture.mavlink">
      </Unit>
      <Unit filename="/home/nikita/Scripting/quadcopter/Quadcopter/src/mavlink/pymavlink/generator/javascript/test/mavlink.js">
      </Unit>
      <Unit filename="/home/nikita/Scripting/quadcopter/Quadcopter/src/mavlink/pymavlink/generator/javascript/test/message.js">
      </Unit>
      <Unit filename="/home/nikita/Scripting/quadcopter/Quadcopter/src/mavlink/pymavlink/generator/lib/__init__.py">
      </Unit>
      <Unit filename="/home/nikita/Scripting/quadcopter/Quadcopter/src/mavlink/pymavlink/generator/lib/genxmlif/README.txt">
      </Unit>
      <Unit filename="/home/nikita/Scripting/quadcopter/Quadcopter/src/mavlink/pymavlink/generator/lib/genxmlif/__init__.py">
      </Unit>
      <Unit filename="/home/nikita/Scripting/quadcopter/Quadcopter/src/mavlink/pymavlink/generator/lib/genxmlif/xmlif4Dom.py">
      </Unit>
      <Unit filename="/home/nikita/Scripting/quadcopter/Quadcopter/src/mavlink/pymavlink/generator/lib/genxmlif/xmlifApi.py">
      </Unit>
      <Unit filename="/home/nikita/Scripting/quadcopter/Quadcopter/src/mavlink/pymavlink/generator/lib/genxmlif/xmlifBase.py">
      </Unit>
      <Unit filename="/home/nikita/Scripting/quadcopter/Quadcopter/src/mavlink/pymavlink/generator/lib/genxmlif/xmlifDom.py">
      </Unit>
      <Unit filename="/home/nikita/Scripting/quadcopter/Quadcopter/src/mavlink/pymavlink/generator/lib/genxmlif/xmlifElementTree.py">
      </Unit>
      <Unit filename="/home/nikita/Scripting/quadcopter/Quadcopter/src/mavlink/pymavlink/generator/lib/genxmlif/xmlifMinidom.py">
      </Unit>
      <Unit filename="/home/nikita/Scripting/quadcopter/Quadcopter/src/mavlink/pymavlink/generator/lib/genxmlif/xmlifODict.py">
      </Unit>
      <Unit filename="/home/nikita/Scripting/quadcopter/Quadcopter/src/mavlink/pymavlink/generator/lib/genxmlif/xmlifUtils.py">
      </Unit>
      <Unit filename="/home/nikita/Scripting/quadcopter/Quadcopter/src/mavlink/pymavlink/generator/lib/genxmlif/xmliftest.py">
      </Unit>
      <Unit filename="/home/nikita/Scripting/quadcopter/Quadcopter/src/mavlink/pymavlink/generator/lib/minixsv/README.txt">
      </Unit>
      <Unit filename="/home/nikita/Scripting/quadcopter/Quadcopter/src/mavlink/pymavlink/generator/lib/minixsv/XInclude.xsd">
      </Unit>
      <Unit filename="/home/nikita/Scripting/quadcopter/Quadcopter/src/mavlink/pymavlink/generator/lib/minixsv/XMLSchema-instance.xsd">
      </Unit>
      <Unit filename="/home/nikita/Scripting/quadcopter/Quadcopter/src/mavlink/pymavlink/generator/lib/minixsv/XMLSchema.xsd">
      </Unit>
      <Unit filename="/home/nikita/Scripting/quadcopter/Quadcopter/src/mavlink/pymavlink/generator/lib/minixsv/__init__.py">
      </Unit>
      <Unit filename="/home/nikita/Scripting/quadcopter/Quadcopter/src/mavlink/pymavlink/generator/lib/minixsv/datatypes.xsd">
      </Unit>
      <Unit filename="/home/nikita/Scripting/quadcopter/Quadcopter/src/mavlink/pymavlink/generator/lib/minixsv/minixsv">
      </Unit>
      <Unit filename="/home/nikita/Scripting/quadcopter/Quadcopter/src/mavlink/pymavlink/generator/lib/minixsv/minixsvWrapper.py">
      </Unit>
      <Unit filename="/home/nikita/Scripting/quadcopter/Quadcopter/src/mavlink/pymavlink/generator/lib/minixsv/pyxsval.py">
      </Unit>
      <Unit filename="/home/nikita/Scripting/quadcopter/Quadcopter/src/mavlink/pymavlink/generator/lib/minixsv/xml.xsd">
      </Unit>
      <Unit filename="/home/nikita/Scripting/quadcopter/Quadcopter/src/mavlink/pymavlink/generator/lib/minixsv/xsvalBase.py">
      </Unit>
      <Unit filename="/home/nikita/Scripting/quadcopter/Quadcopter/src/mavlink/pymavlink/generator/lib/minixsv/xsvalErrorHandler.py">
      </Unit>
      <Unit filename="/home/nikita/Scripting/quadcopter/Quadcopter/src/mavlink/pymavlink/generator/lib/minixsv/xsvalSchema.py">
      </Unit>
      <Unit filename="/home/nikita/Scripting/quadcopter/Quadcopter/src/mavlink/pymavlink/generator/lib/minixsv/xsvalSimpleTypes.py">
      </Unit>
      <Unit filename="/home/nikita/Scripting/quadcopter/Quadcopter/src/mavlink/pymavlink/generator/lib/minixsv/xsvalUtils.py">
      </Unit>
      <Unit filename="/home/nikita/Scripting/quadcopter/Quadcopter/src/mavlink/pymavlink/generator/lib/minixsv/xsvalXmlIf.py">
      </Unit>
      <Unit filename="/home/nikita/Scripting/quadcopter/Quadcopter/src/mavlink/pymavlink/generator/mavcrc.py">
      </Unit>
      <Unit filename="/home/nikita/Scripting/quadcopter/Quadcopter/src/mavlink/pymavlink/generator/mavgen.py">
      </Unit>
      <Unit filename="/home/nikita/Scripting/quadcopter/Quadcopter/src/mavlink/pymavlink/generator/mavgen_c.py">
      </Unit>
      <Unit filename="/home/nikita/Scripting/quadcopter/Quadcopter/src/mavlink/pymavlink/generator/mavgen_cs.py">
      </Unit>
      <Unit filename="/home/nikita/Scripting/quadcopter/Quadcopter/src/mavlink/pymavlink/generator/mavgen_java.py">
      </Unit>
      <Unit filename="/home/nikita/Scripting/quadcopter/Quadcopter/src/mavlink/pymavlink/generator/mavgen_javascript.py">
      </Unit>
      <Unit filename="/home/nikita/Scripting/quadcopter/Quadcopter/src/mavlink/pymavlink/generator/mavgen_objc.py">
      </Unit>
      <Unit filename="/home/nikita/Scripting/quadcopter/Quadcopter/src/mavlink/pymavlink/generator/mavgen_python.py">
      </Unit>
      <Unit filename="/home/nikita/Scripting/quadcopter/Quadcopter/src/mavlink/pymavlink/generator/mavgen_wlua.py">
      </Unit>
      <Unit filename="/home/nikita/Scripting/quadcopter/Quadcopter/src/mavlink/pymavlink/generator/mavparse.py">
      </Unit>
      <Unit filename="/home/nikita/Scripting/quadcopter/Quadcopter/src/mavlink/pymavlink/generator/mavschema.xsd">
      </Unit>
      <Unit filename="/home/nikita/Scripting/quadcopter/Quadcopter/src/mavlink/pymavlink/generator/mavtemplate.py">
      </Unit>
      <Unit filename="/home/nikita/Scripting/quadcopter/Quadcopter/src/mavlink/pymavlink/generator/mavtestgen.py">
      </Unit>
      <Unit filename="/home/nikita/Scripting/quadcopter/Quadcopter/src/mavlink/pymavlink/mavextra.py">
      </Unit>
      <Unit filename="/home/nikita/Scripting/quadcopter/Quadcopter/src/mavlink/pymavlink/mavparm.py">
      </Unit>
      <Unit filename="/home/nikita/Scripting/quadcopter/Quadcopter/src/mavlink/pymavlink/mavutil.py">
      </Unit>
      <Unit filename="/home/nikita/Scripting/quadcopter/Quadcopter/src/mavlink/pymavlink/mavwp.py">
      </Unit>
      <Unit filename="/home/nikita/Scripting/quadcopter/Quadcopter/src/mavlink/pymavlink/mission.proto">
      </Unit>
      <Unit filename="/home/nikita/Scripting/quadcopter/Quadcopter/src/mavlink/pymavlink/mission2.pb">
      </Unit>
      <Unit filename="/home/nikita/Scripting/quadcopter/Quadcopter/src/mavlink/pymavlink/quaternion.py">
      </Unit>
      <Unit filename="/home/nikita/Scripting/quadcopter/Quadcopter/src/mavlink/pymavlink/rotmat.py">
      </Unit>
      <Unit filename="/home/nikita/Scripting/quadcopter/Quadcopter/src/mavlink/pymavlink/setup.py">
      </Unit>
      <Unit filename="/home/nikita/Scripting/quadcopter/Quadcopter/src/mavlink/pymavlink/tools/AccelSearch.py">
      </Unit>
      <Unit filename="/home/nikita/Scripting/quadcopter/Quadcopter/src/mavlink/pymavlink/tools/MPU6KSearch.py">
      </Unit>
      <Unit filename="/home/nikita/Scripting/quadcopter/Quadcopter/src/mavlink/pymavlink/tools/__init__.py">
      </Unit>
      <Unit filename="/home/nikita/Scripting/quadcopter/Quadcopter/src/mavlink/pymavlink/tools/images/gtk-quit.gif">
      </Unit>
      <Unit filename="/home/nikita/Scripting/quadcopter/Quadcopter/src/mavlink/pymavlink/tools/images/media-playback-pause.gif">
      </Unit>
      <Unit filename="/home/nikita/Scripting/quadcopter/Quadcopter/src/mavlink/pymavlink/tools/images/media-playback-start.gif">
      </Unit>
      <Unit filename="/home/nikita/Scripting/quadcopter/Quadcopter/src/mavlink/pymavlink/tools/images/media-playback-stop.gif">
      </Unit>
      <Unit filename="/home/nikita/Scripting/quadcopter/Quadcopter/src/mavlink/pymavlink/tools/images/media-seek-backward.gif">
      </Unit>
      <Unit filename="/home/nikita/Scripting/quadcopter/Quadcopter/src/mavlink/pymavlink/tools/images/media-seek-forward.gif">
      </Unit>
      <Unit filename="/home/nikita/Scripting/quadcopter/Quadcopter/src/mavlink/pymavlink/tools/images/player_end.gif">
      </Unit>
      <Unit filename="/home/nikita/Scripting/quadcopter/Quadcopter/src/mavlink/pymavlink/tools/magfit.py">
      </Unit>
      <Unit filename="/home/nikita/Scripting/quadcopter/Quadcopter/src/mavlink/pymavlink/tools/magfit_delta.py">
      </Unit>
      <Unit filename="/home/nikita/Scripting/quadcopter/Quadcopter/src/mavlink/pymavlink/tools/magfit_gps.py">
      </Unit>
      <Unit filename="/home/nikita/Scripting/quadcopter/Quadcopter/src/mavlink/pymavlink/tools/magfit_motors.py">
      </Unit>
      <Unit filename="/home/nikita/Scripting/quadcopter/Quadcopter/src/mavlink/pymavlink/tools/magfit_rotation_gps.py">
      </Unit>
      <Unit filename="/home/nikita/Scripting/quadcopter/Quadcopter/src/mavlink/pymavlink/tools/magfit_rotation_gyro.py">
      </Unit>
      <Unit filename="/home/nikita/Scripting/quadcopter/Quadcopter/src/mavlink/pymavlink/tools/mavextract.py">
      </Unit>
      <Unit filename="/home/nikita/Scripting/quadcopter/Quadcopter/src/mavlink/pymavlink/tools/mavflightmodes.py">
      </Unit>
      <Unit filename="/home/nikita/Scripting/quadcopter/Quadcopter/src/mavlink/pymavlink/tools/mavflighttime.py">
      </Unit>
      <Unit filename="/home/nikita/Scripting/quadcopter/Quadcopter/src/mavlink/pymavlink/tools/mavgen.py">
      </Unit>
      <Unit filename="/home/nikita/Scripting/quadcopter/Quadcopter/src/mavlink/pymavlink/tools/mavgpslag.py">
      </Unit>
      <Unit filename="/home/nikita/Scripting/quadcopter/Quadcopter/src/mavlink/pymavlink/tools/mavgpslock.py">
      </Unit>
      <Unit filename="/home/nikita/Scripting/quadcopter/Quadcopter/src/mavlink/pymavlink/tools/mavgraph.py">
      </Unit>
      <Unit filename="/home/nikita/Scripting/quadcopter/Quadcopter/src/mavlink/pymavlink/tools/mavkml.py">
      </Unit>
      <Unit filename="/home/nikita/Scripting/quadcopter/Quadcopter/src/mavlink/pymavlink/tools/mavlogdump.py">
      </Unit>
      <Unit filename="/home/nikita/Scripting/quadcopter/Quadcopter/src/mavlink/pymavlink/tools/mavloss.py">
      </Unit>
      <Unit filename="/home/nikita/Scripting/quadcopter/Quadcopter/src/mavlink/pymavlink/tools/mavmission.py">
      </Unit>
      <Unit filename="/home/nikita/Scripting/quadcopter/Quadcopter/src/mavlink/pymavlink/tools/mavparmdiff.py">
      </Unit>
      <Unit filename="/home/nikita/Scripting/quadcopter/Quadcopter/src/mavlink/pymavlink/tools/mavparms.py">
      </Unit>
      <Unit filename="/home/nikita/Scripting/quadcopter/Quadcopter/src/mavlink/pymavlink/tools/mavplayback.py">
      </Unit>
      <Unit filename="/home/nikita/Scripting/quadcopter/Quadcopter/src/mavlink/pymavlink/tools/mavsearch.py">
      </Unit>
      <Unit filename="/home/nikita/Scripting/quadcopter/Quadcopter/src/mavlink/pymavlink/tools/mavsigloss.py">
      </Unit>
      <Unit filename="/home/nikita/Scripting/quadcopter/Quadcopter/src/mavlink/pymavlink/tools/mavsummarize.py">
      </Unit>
      <Unit filename="/home/nikita/Scripting/quadcopter/Quadcopter/src/mavlink/pymavlink/tools/mavtogpx.py">
      </Unit>
      <Unit filename="/home/nikita/Scripting/quadcopter/Quadcopter/src/mavlink/pymavlink/tools/mavtomfile.py">
      </Unit>
      <Unit filename="/home/nikita/Scripting/quadcopter/Quadcopter/src/mavlink/pymavlink/tools/python_array_test_recv.py">
      </Unit>
      <Unit filename="/home/nikita/Scripting/quadcopter/Quadcopter/src/mavlink/pymavlink/tools/python_array_test_send.py">
      </Unit>
      <Unit filename="/home/nikita/Scripting/quadcopter/Quadcopter/src/mavlink/pymavlink/tools/quaterniontest.py">
      </Unit>
      <Unit filename="/home/nikita/Scripting/quadcopter/Quadcopter/src/mavlink/scripts/travis_update_generated_repos.sh">
      </Unit>
      <Unit filename="/home/nikita/Scripting/quadcopter/Quadcopter/src/mavlink/scripts/update_c_library.sh">
      </Unit>
      <Unit filename="/home/nikita/Scripting/quadcopter/Quadcopter/src/osd.h">
      </Unit>
      <Unit filename="/home/nikita/Scripting/quadcopter/Quadcopter/src/pca9685.h">
      </Unit>
      <Unit filename="/home/nikita/Scripting/quadcopter/Quadcopter/src/pilot.h">
      </Unit>
      <Unit filename="/home/nikita/Scripting/quadcopter/Quadcopter/src/pilot_global_variables.h">
      </Unit>
      <Unit filename="/home/nikita/Scripting/quadcopter/Quadcopter/src/quadcopter.c.save">
      </Unit>
      <Unit filename="/home/nikita/Scripting/quadcopter/Quadcopter/src/reader.h">
      </Unit>
      <Unit filename="/home/nikita/Scripting/quadcopter/Quadcopter/src/reader_global_functions.h">
      </Unit>
      <Unit filename="/home/nikita/Scripting/quadcopter/Quadcopter/src/reader_global_variables.h">
      </Unit>
      <Unit filename="/home/nikita/Scripting/quadcopter/Quadcopter/src/shared_librairies.h">
      </Unit>
      <Unit filename="/home/nikita/Scripting/quadcopter/Quadcopter/CMakeLists.txt">
          <Option virtualFolder="CMake Files\" />
      </Unit>
      <Unit filename="/home/nikita/Scripting/quadcopter/Quadcopter/../../../../../usr/local/share/cmake-2.8/Modules/CMakeSystemSpecificInformation.cmake">
          <Option virtualFolder="CMake Files\..\..\..\..\..\usr\local\share\cmake-2.8\Modules\" />
      </Unit>
      <Unit filename="/home/nikita/Scripting/quadcopter/Quadcopter/../../../../../usr/local/share/cmake-2.8/Modules/CMakeGenericSystem.cmake">
          <Option virtualFolder="CMake Files\..\..\..\..\..\usr\local\share\cmake-2.8\Modules\" />
      </Unit>
      <Unit filename="/home/nikita/Scripting/quadcopter/Quadcopter/../../../../../usr/local/share/cmake-2.8/Modules/CMakeFindCodeBlocks.cmake">
          <Option virtualFolder="CMake Files\..\..\..\..\..\usr\local\share\cmake-2.8\Modules\" />
      </Unit>
      <Unit filename="/home/nikita/Scripting/quadcopter/Quadcopter/../../../../../usr/local/share/cmake-2.8/Modules/CMakeCInformation.cmake">
          <Option virtualFolder="CMake Files\..\..\..\..\..\usr\local\share\cmake-2.8\Modules\" />
      </Unit>
      <Unit filename="/home/nikita/Scripting/quadcopter/Quadcopter/../../../../../usr/local/share/cmake-2.8/Modules/CMakeCommonLanguageInclude.cmake">
          <Option virtualFolder="CMake Files\..\..\..\..\..\usr\local\share\cmake-2.8\Modules\" />
      </Unit>
      <Unit filename="/home/nikita/Scripting/quadcopter/Quadcopter/../../../../../usr/local/share/cmake-2.8/Modules/CMakeCXXInformation.cmake">
          <Option virtualFolder="CMake Files\..\..\..\..\..\usr\local\share\cmake-2.8\Modules\" />
      </Unit>
      <Unit filename="/home/nikita/Scripting/quadcopter/Quadcopter/../../../../../usr/local/share/cmake-2.8/Modules/CMakeCommonLanguageInclude.cmake">
          <Option virtualFolder="CMake Files\..\..\..\..\..\usr\local\share\cmake-2.8\Modules\" />
      </Unit>
      <Unit filename="/home/nikita/Scripting/quadcopter/Quadcopter/../../../../../usr/local/share/cmake-2.8/Modules/Platform/Linux.cmake">
          <Option virtualFolder="CMake Files\..\..\..\..\..\usr\local\share\cmake-2.8\Modules\Platform\" />
      </Unit>
      <Unit filename="/home/nikita/Scripting/quadcopter/Quadcopter/../../../../../usr/local/share/cmake-2.8/Modules/Platform/UnixPaths.cmake">
          <Option virtualFolder="CMake Files\..\..\..\..\..\usr\local\share\cmake-2.8\Modules\Platform\" />
      </Unit>
      <Unit filename="/home/nikita/Scripting/quadcopter/Quadcopter/../../../../../usr/local/share/cmake-2.8/Modules/Platform/Linux-GNU-C.cmake">
          <Option virtualFolder="CMake Files\..\..\..\..\..\usr\local\share\cmake-2.8\Modules\Platform\" />
      </Unit>
      <Unit filename="/home/nikita/Scripting/quadcopter/Quadcopter/../../../../../usr/local/share/cmake-2.8/Modules/Platform/Linux-GNU.cmake">
          <Option virtualFolder="CMake Files\..\..\..\..\..\usr\local\share\cmake-2.8\Modules\Platform\" />
      </Unit>
      <Unit filename="/home/nikita/Scripting/quadcopter/Quadcopter/../../../../../usr/local/share/cmake-2.8/Modules/Platform/Linux-GNU-CXX.cmake">
          <Option virtualFolder="CMake Files\..\..\..\..\..\usr\local\share\cmake-2.8\Modules\Platform\" />
      </Unit>
      <Unit filename="/home/nikita/Scripting/quadcopter/Quadcopter/../../../../../usr/local/share/cmake-2.8/Modules/Platform/Linux-GNU.cmake">
          <Option virtualFolder="CMake Files\..\..\..\..\..\usr\local\share\cmake-2.8\Modules\Platform\" />
      </Unit>
      <Unit filename="/home/nikita/Scripting/quadcopter/Quadcopter/../../../../../usr/local/share/cmake-2.8/Modules/Compiler/GNU-C.cmake">
          <Option virtualFolder="CMake Files\..\..\..\..\..\usr\local\share\cmake-2.8\Modules\Compiler\" />
      </Unit>
      <Unit filename="/home/nikita/Scripting/quadcopter/Quadcopter/../../../../../usr/local/share/cmake-2.8/Modules/Compiler/GNU.cmake">
          <Option virtualFolder="CMake Files\..\..\..\..\..\usr\local\share\cmake-2.8\Modules\Compiler\" />
      </Unit>
      <Unit filename="/home/nikita/Scripting/quadcopter/Quadcopter/../../../../../usr/local/share/cmake-2.8/Modules/Compiler/GNU-CXX.cmake">
          <Option virtualFolder="CMake Files\..\..\..\..\..\usr\local\share\cmake-2.8\Modules\Compiler\" />
      </Unit>
      <Unit filename="/home/nikita/Scripting/quadcopter/Quadcopter/../../../../../usr/local/share/cmake-2.8/Modules/Compiler/GNU.cmake">
          <Option virtualFolder="CMake Files\..\..\..\..\..\usr\local\share\cmake-2.8\Modules\Compiler\" />
      </Unit>
   </Project>
</CodeBlocks_project_file>
