<?xml version="1.0" encoding="UTF-8" standalone="yes" ?>
<CodeBlocks_project_file>
	<FileVersion major="1" minor="6" />
	<Project>
		<Option title="Quadcopter" />
		<Option pch_mode="2" />
		<Option compiler="gcc" />
		<Option virtualFolders="Components/;Shared ressources/;Components/Sources/;Components/Headers/;Components/Headers/PILOT/;Shared ressources/Sources/;Shared ressources/Headers/;Components/Headers/IMU/;Components/Headers/IMU/AUTOPILOT/;Components/Sources/IMU/;Components/Sources/AUTOPILOT/;" />
		<Build>
			<Target title="Debug">
				<Option output="bin/Debug/Quadcopter" prefix_auto="1" extension_auto="1" />
				<Option object_output="obj/Debug/" />
				<Option type="1" />
				<Option compiler="gcc" />
				<Compiler>
					<Add option="-g" />
				</Compiler>
			</Target>
			<Target title="Release">
				<Option output="bin/Release/Quadcopter" prefix_auto="1" extension_auto="1" />
				<Option object_output="obj/Release/" />
				<Option type="1" />
				<Option compiler="gcc" />
				<Compiler>
					<Add option="-O2" />
				</Compiler>
				<Linker>
					<Add option="-s" />
				</Linker>
			</Target>
		</Build>
		<Compiler>
			<Add option="-Wall" />
		</Compiler>
		<Unit filename="PID.cpp">
			<Option virtualFolder="Components/Sources/AUTOPILOT/" />
		</Unit>
		<Unit filename="PID.h">
			<Option virtualFolder="Components/Headers/IMU/AUTOPILOT/" />
		</Unit>
		<Unit filename="RTIMULib/RTFusion.cpp">
			<Option virtualFolder="Components/Sources/IMU/" />
		</Unit>
		<Unit filename="RTIMULib/RTFusion.h">
			<Option virtualFolder="Components/Headers/IMU/" />
		</Unit>
		<Unit filename="RTIMULib/RTFusionKalman4.cpp">
			<Option virtualFolder="Components/Sources/IMU/" />
		</Unit>
		<Unit filename="RTIMULib/RTFusionKalman4.h">
			<Option virtualFolder="Components/Headers/IMU/" />
		</Unit>
		<Unit filename="RTIMULib/RTFusionRTQF.cpp">
			<Option virtualFolder="Components/Sources/IMU/" />
		</Unit>
		<Unit filename="RTIMULib/RTFusionRTQF.h">
			<Option virtualFolder="Components/Headers/IMU/" />
		</Unit>
		<Unit filename="RTIMULib/RTIMU.cpp">
			<Option virtualFolder="Components/Sources/IMU/" />
		</Unit>
		<Unit filename="RTIMULib/RTIMU.h">
			<Option virtualFolder="Components/Headers/IMU/" />
		</Unit>
		<Unit filename="RTIMULib/RTIMUHal.cpp">
			<Option virtualFolder="Components/Sources/IMU/" />
		</Unit>
		<Unit filename="RTIMULib/RTIMUHal.h">
			<Option virtualFolder="Components/Headers/IMU/" />
		</Unit>
		<Unit filename="RTIMULib/RTIMULib.h">
			<Option virtualFolder="Components/Headers/IMU/" />
		</Unit>
		<Unit filename="RTIMULib/RTIMULibDefs.h">
			<Option virtualFolder="Components/Headers/IMU/" />
		</Unit>
		<Unit filename="RTIMULib/RTIMUMPU6050HMC5883L.cpp">
			<Option virtualFolder="Components/Sources/IMU/" />
		</Unit>
		<Unit filename="RTIMULib/RTIMUMPU6050HMC5883L.h">
			<Option virtualFolder="Components/Headers/IMU/" />
		</Unit>
		<Unit filename="RTIMULib/RTIMUNull.cpp">
			<Option virtualFolder="Components/Sources/IMU/" />
		</Unit>
		<Unit filename="RTIMULib/RTIMUNull.h">
			<Option virtualFolder="Components/Headers/IMU/" />
		</Unit>
		<Unit filename="RTIMULib/RTIMUSettings.cpp">
			<Option virtualFolder="Components/Sources/IMU/" />
		</Unit>
		<Unit filename="RTIMULib/RTIMUSettings.h">
			<Option virtualFolder="Components/Headers/IMU/" />
		</Unit>
		<Unit filename="RTIMULib/RTMath.cpp">
			<Option virtualFolder="Components/Sources/IMU/" />
		</Unit>
		<Unit filename="RTIMULib/RTMath.h">
			<Option virtualFolder="Components/Headers/IMU/" />
		</Unit>
		<Unit filename="autopilot.c">
			<Option compilerVar="CC" />
			<Option virtualFolder="Components/Sources/AUTOPILOT/" />
		</Unit>
		<Unit filename="autopilot.h">
			<Option virtualFolder="Components/Headers/IMU/AUTOPILOT/" />
		</Unit>
		<Unit filename="autopilot_global_functions.c">
			<Option compilerVar="CC" />
			<Option virtualFolder="Shared ressources/Sources/" />
		</Unit>
		<Unit filename="autopilot_global_functions.h">
			<Option virtualFolder="Shared ressources/Headers/" />
		</Unit>
		<Unit filename="autopilot_global_variables.h">
			<Option virtualFolder="Shared ressources/Headers/" />
		</Unit>
		<Unit filename="data_logger.c">
			<Option compilerVar="CC" />
			<Option virtualFolder="Components/Sources/" />
		</Unit>
		<Unit filename="data_logger.h">
			<Option virtualFolder="Components/Headers/" />
		</Unit>
		<Unit filename="data_logger_global_variables.h">
			<Option virtualFolder="Shared ressources/Headers/" />
		</Unit>
		<Unit filename="global_functions.c">
			<Option compilerVar="CC" />
			<Option virtualFolder="Shared ressources/Sources/" />
		</Unit>
		<Unit filename="global_functions.h">
			<Option virtualFolder="Shared ressources/Headers/" />
		</Unit>
		<Unit filename="imu.h">
			<Option virtualFolder="Components/Headers/IMU/" />
		</Unit>
		<Unit filename="imu_globals_variables.h">
			<Option virtualFolder="Shared ressources/Headers/" />
		</Unit>
		<Unit filename="inter-thread-messages.c">
			<Option compilerVar="CC" />
			<Option virtualFolder="Shared ressources/Sources/" />
		</Unit>
		<Unit filename="inter-thread-messages.h">
			<Option virtualFolder="Shared ressources/Headers/" />
		</Unit>
		<Unit filename="osd.c">
			<Option compilerVar="CC" />
			<Option virtualFolder="Components/Sources/" />
		</Unit>
		<Unit filename="osd.h">
			<Option virtualFolder="Components/Headers/IMU/" />
		</Unit>
		<Unit filename="pca9685.h">
			<Option virtualFolder="Components/Headers/PILOT/" />
		</Unit>
		<Unit filename="pilot.c">
			<Option compilerVar="CC" />
			<Option virtualFolder="Components/Sources/" />
		</Unit>
		<Unit filename="pilot.h">
			<Option virtualFolder="Components/Headers/PILOT/" />
		</Unit>
		<Unit filename="pilot_global_variables.h">
			<Option virtualFolder="Shared ressources/Headers/" />
		</Unit>
		<Unit filename="quadcopter.c">
			<Option compilerVar="CC" />
			<Option virtualFolder="Components/Sources/" />
		</Unit>
		<Unit filename="reader.c">
			<Option compilerVar="CC" />
			<Option virtualFolder="Components/Sources/" />
		</Unit>
		<Unit filename="reader.h">
			<Option virtualFolder="Components/Sources/" />
		</Unit>
		<Unit filename="reader_global_variables.h">
			<Option virtualFolder="Shared ressources/Headers/" />
		</Unit>
		<Unit filename="shared_librairies.h">
			<Option virtualFolder="Shared ressources/Headers/" />
		</Unit>
		<Extensions>
			<code_completion />
			<envvars />
			<debugger />
			<lib_finder disable_auto="1" />
		</Extensions>
	</Project>
</CodeBlocks_project_file>
